// !$*UTF8*$!
{
	archiveVersion = 1;
	classes = {
	};
	objectVersion = 48;
	objects = {

/* Begin PBXBuildFile section */
		010D224B1FF6C3FC00BA86BF /* draconic0.png in Resources */ = {isa = PBXBuildFile; fileRef = 010D22471FF6C3F400BA86BF /* draconic0.png */; };
		010D224C1FF6C3FC00BA86BF /* draconic1.png in Resources */ = {isa = PBXBuildFile; fileRef = 010D22481FF6C3F500BA86BF /* draconic1.png */; };
		010D224D1FF6C3FC00BA86BF /* draconic2.png in Resources */ = {isa = PBXBuildFile; fileRef = 010D22491FF6C3F800BA86BF /* draconic2.png */; };
		010D224E1FF6C3FC00BA86BF /* draconic3.png in Resources */ = {isa = PBXBuildFile; fileRef = 010D224A1FF6C3FB00BA86BF /* draconic3.png */; };
		01128CBB201E364500A79AF7 /* yang.png in Resources */ = {isa = PBXBuildFile; fileRef = 01128CB9201E364100A79AF7 /* yang.png */; };
		0112FE89209632040069124D /* Pallas.png in Resources */ = {isa = PBXBuildFile; fileRef = 0112FE82209631EA0069124D /* Pallas.png */; };
		0112FE8A209632040069124D /* GC.png in Resources */ = {isa = PBXBuildFile; fileRef = 0112FE83209631F00069124D /* GC.png */; };
		0112FE8B209632040069124D /* GA.png in Resources */ = {isa = PBXBuildFile; fileRef = 0112FE84209631F70069124D /* GA.png */; };
		0112FE8C209632040069124D /* Anubis.png in Resources */ = {isa = PBXBuildFile; fileRef = 0112FE85209631FC0069124D /* Anubis.png */; };
		0112FE8D209632040069124D /* Hebe.png in Resources */ = {isa = PBXBuildFile; fileRef = 0112FE86209631FC0069124D /* Hebe.png */; };
		0112FE8E209632040069124D /* Orcus.png in Resources */ = {isa = PBXBuildFile; fileRef = 0112FE87209632000069124D /* Orcus.png */; };
		0112FE8F209632040069124D /* SGC.png in Resources */ = {isa = PBXBuildFile; fileRef = 0112FE88209632030069124D /* SGC.png */; };
		01143612200ACE4D00B75813 /* dragonsTail2.png in Resources */ = {isa = PBXBuildFile; fileRef = 01143606200ACDFF00B75813 /* dragonsTail2.png */; };
		01143613200ACE4D00B75813 /* dragonsTail7.png in Resources */ = {isa = PBXBuildFile; fileRef = 01143607200ACE0100B75813 /* dragonsTail7.png */; };
		01143614200ACE4D00B75813 /* dragonsTail11.png in Resources */ = {isa = PBXBuildFile; fileRef = 01143608200ACE0C00B75813 /* dragonsTail11.png */; };
		01143615200ACE4D00B75813 /* dragonsTail5.png in Resources */ = {isa = PBXBuildFile; fileRef = 01143609200ACE1100B75813 /* dragonsTail5.png */; };
		01143616200ACE4D00B75813 /* dragonsTail8.png in Resources */ = {isa = PBXBuildFile; fileRef = 0114360A200ACE1500B75813 /* dragonsTail8.png */; };
		01143617200ACE4D00B75813 /* dragonsTail12.png in Resources */ = {isa = PBXBuildFile; fileRef = 0114360B200ACE2300B75813 /* dragonsTail12.png */; };
		01143618200ACE4D00B75813 /* dragonsTail3.png in Resources */ = {isa = PBXBuildFile; fileRef = 0114360C200ACE2900B75813 /* dragonsTail3.png */; };
		01143619200ACE4D00B75813 /* dragonsTail9.png in Resources */ = {isa = PBXBuildFile; fileRef = 0114360D200ACE3500B75813 /* dragonsTail9.png */; };
		0114361A200ACE4D00B75813 /* dragonsTail6.png in Resources */ = {isa = PBXBuildFile; fileRef = 0114360E200ACE3A00B75813 /* dragonsTail6.png */; };
		0114361B200ACE4D00B75813 /* dragonsTail1.png in Resources */ = {isa = PBXBuildFile; fileRef = 0114360F200ACE4600B75813 /* dragonsTail1.png */; };
		0114361C200ACE4D00B75813 /* dragonsTail4.png in Resources */ = {isa = PBXBuildFile; fileRef = 01143610200ACE4A00B75813 /* dragonsTail4.png */; };
		0114361D200ACE4D00B75813 /* dragonsTail10.png in Resources */ = {isa = PBXBuildFile; fileRef = 01143611200ACE4C00B75813 /* dragonsTail10.png */; };
		0114361F200ADDD800B75813 /* 16535326177271407165.svg in Resources */ = {isa = PBXBuildFile; fileRef = 0114361E200ADDD700B75813 /* 16535326177271407165.svg */; };
		01143621200ADE7E00B75813 /* 187609.jpg in Resources */ = {isa = PBXBuildFile; fileRef = 01143620200ADE7A00B75813 /* 187609.jpg */; };
		01143623200BD2CB00B75813 /* Websites in Resources */ = {isa = PBXBuildFile; fileRef = 01143622200BD2CA00B75813 /* Websites */; };
		01143625200D2BB300B75813 /* Eris.png in Resources */ = {isa = PBXBuildFile; fileRef = 01143624200D2BAD00B75813 /* Eris.png */; };
		01143628200D32EC00B75813 /* North Node.png in Resources */ = {isa = PBXBuildFile; fileRef = 01143626200D32D800B75813 /* North Node.png */; };
		01143629200D32ED00B75813 /* South Node.png in Resources */ = {isa = PBXBuildFile; fileRef = 01143627200D32DD00B75813 /* South Node.png */; };
		0114362C200D381700B75813 /* Amor.png in Resources */ = {isa = PBXBuildFile; fileRef = 0114362A200D380600B75813 /* Amor.png */; };
		0114362D200D381700B75813 /* Fortunae.png in Resources */ = {isa = PBXBuildFile; fileRef = 0114362B200D380A00B75813 /* Fortunae.png */; };
		01143630200D3C6600B75813 /* Cupido.png in Resources */ = {isa = PBXBuildFile; fileRef = 0114362E200D3C5200B75813 /* Cupido.png */; };
		01143631200D3C6600B75813 /* Valentine.png in Resources */ = {isa = PBXBuildFile; fileRef = 0114362F200D3C5D00B75813 /* Valentine.png */; };
		01143636200D60B800B75813 /* Juno.png in Resources */ = {isa = PBXBuildFile; fileRef = 01143632200D608E00B75813 /* Juno.png */; };
		01143637200D60B800B75813 /* Kaali.png in Resources */ = {isa = PBXBuildFile; fileRef = 01143633200D609300B75813 /* Kaali.png */; };
		01143638200D60B800B75813 /* Hekate.png in Resources */ = {isa = PBXBuildFile; fileRef = 01143634200D609D00B75813 /* Hekate.png */; };
		01143639200D60B800B75813 /* Heracles.png in Resources */ = {isa = PBXBuildFile; fileRef = 01143635200D60A900B75813 /* Heracles.png */; };
		011669341FFE930900AD8E42 /* keyboard.png in Resources */ = {isa = PBXBuildFile; fileRef = 011669331FFE930700AD8E42 /* keyboard.png */; };
		011669361FFE9D4700AD8E42 /* exitIcon.png in Resources */ = {isa = PBXBuildFile; fileRef = 011669351FFE9D4600AD8E42 /* exitIcon.png */; };
		0116F6C92008146700F76E0F /* dragonHead3.png in Resources */ = {isa = PBXBuildFile; fileRef = 0116F6BE2008140800F76E0F /* dragonHead3.png */; };
		0116F6CA2008146700F76E0F /* dragonHead8.png in Resources */ = {isa = PBXBuildFile; fileRef = 0116F6BF2008140800F76E0F /* dragonHead8.png */; };
		0116F6CB2008146700F76E0F /* dragonHead2.png in Resources */ = {isa = PBXBuildFile; fileRef = 0116F6C02008143000F76E0F /* dragonHead2.png */; };
		0116F6CC2008146700F76E0F /* dragonHead5.png in Resources */ = {isa = PBXBuildFile; fileRef = 0116F6C12008143100F76E0F /* dragonHead5.png */; };
		0116F6CD2008146700F76E0F /* dragonHead4.png in Resources */ = {isa = PBXBuildFile; fileRef = 0116F6C22008143200F76E0F /* dragonHead4.png */; };
		0116F6CE2008146700F76E0F /* dragonHead6.png in Resources */ = {isa = PBXBuildFile; fileRef = 0116F6C32008143500F76E0F /* dragonHead6.png */; };
		0116F6CF2008146700F76E0F /* dragonHead9.png in Resources */ = {isa = PBXBuildFile; fileRef = 0116F6C42008143700F76E0F /* dragonHead9.png */; };
		0116F6D02008146700F76E0F /* dragonHead12.png in Resources */ = {isa = PBXBuildFile; fileRef = 0116F6C52008145C00F76E0F /* dragonHead12.png */; };
		0116F6D12008146700F76E0F /* dragonHead11.png in Resources */ = {isa = PBXBuildFile; fileRef = 0116F6C62008145F00F76E0F /* dragonHead11.png */; };
		0116F6D22008146700F76E0F /* dragonHead7.png in Resources */ = {isa = PBXBuildFile; fileRef = 0116F6C72008146200F76E0F /* dragonHead7.png */; };
		0116F6D32008146700F76E0F /* dragonHead1.png in Resources */ = {isa = PBXBuildFile; fileRef = 0116F6C82008146400F76E0F /* dragonHead1.png */; };
		0116F6D620092E2A00F76E0F /* ring12gauge2.png in Resources */ = {isa = PBXBuildFile; fileRef = 0116F6D420092E2500F76E0F /* ring12gauge2.png */; };
		0116F6D720092E2A00F76E0F /* ring12gauge1.png in Resources */ = {isa = PBXBuildFile; fileRef = 0116F6D520092E2600F76E0F /* ring12gauge1.png */; };
		0116F6E220093A8F00F76E0F /* ring12gauge7.png in Resources */ = {isa = PBXBuildFile; fileRef = 0116F6D820093A7600F76E0F /* ring12gauge7.png */; };
		0116F6E320093A8F00F76E0F /* ring12gauge12.png in Resources */ = {isa = PBXBuildFile; fileRef = 0116F6D920093A7700F76E0F /* ring12gauge12.png */; };
		0116F6E420093A8F00F76E0F /* ring12gauge3.png in Resources */ = {isa = PBXBuildFile; fileRef = 0116F6DA20093A7900F76E0F /* ring12gauge3.png */; };
		0116F6E520093A8F00F76E0F /* ring12gauge6.png in Resources */ = {isa = PBXBuildFile; fileRef = 0116F6DB20093A7D00F76E0F /* ring12gauge6.png */; };
		0116F6E620093A8F00F76E0F /* ring12gauge10.png in Resources */ = {isa = PBXBuildFile; fileRef = 0116F6DC20093A8100F76E0F /* ring12gauge10.png */; };
		0116F6E720093A8F00F76E0F /* ring12gauge5.png in Resources */ = {isa = PBXBuildFile; fileRef = 0116F6DD20093A8500F76E0F /* ring12gauge5.png */; };
		0116F6E820093A8F00F76E0F /* ring12gauge11.png in Resources */ = {isa = PBXBuildFile; fileRef = 0116F6DE20093A8500F76E0F /* ring12gauge11.png */; };
		0116F6E920093A8F00F76E0F /* ring12gauge9.png in Resources */ = {isa = PBXBuildFile; fileRef = 0116F6DF20093A8800F76E0F /* ring12gauge9.png */; };
		0116F6EA20093A8F00F76E0F /* ring12gauge8.png in Resources */ = {isa = PBXBuildFile; fileRef = 0116F6E020093A8800F76E0F /* ring12gauge8.png */; };
		0116F6EB20093A8F00F76E0F /* ring12gauge4.png in Resources */ = {isa = PBXBuildFile; fileRef = 0116F6E120093A8B00F76E0F /* ring12gauge4.png */; };
		0116F6F22009440A00F76E0F /* ring6gauge4.png in Resources */ = {isa = PBXBuildFile; fileRef = 0116F6EC200943FE00F76E0F /* ring6gauge4.png */; };
		0116F6F32009440A00F76E0F /* ring6gauge2.png in Resources */ = {isa = PBXBuildFile; fileRef = 0116F6ED200943FE00F76E0F /* ring6gauge2.png */; };
		0116F6F42009440A00F76E0F /* ring6gauge3.png in Resources */ = {isa = PBXBuildFile; fileRef = 0116F6EE2009440200F76E0F /* ring6gauge3.png */; };
		0116F6F52009440A00F76E0F /* ring6gauge5.png in Resources */ = {isa = PBXBuildFile; fileRef = 0116F6EF2009440300F76E0F /* ring6gauge5.png */; };
		0116F6F62009440A00F76E0F /* ring6gauge1.png in Resources */ = {isa = PBXBuildFile; fileRef = 0116F6F02009440600F76E0F /* ring6gauge1.png */; };
		0116F6F72009440A00F76E0F /* ring6gauge6.png in Resources */ = {isa = PBXBuildFile; fileRef = 0116F6F12009440700F76E0F /* ring6gauge6.png */; };
		011753D620B06C3A00CAA2C2 /* Haumea.png in Resources */ = {isa = PBXBuildFile; fileRef = 011753D520B06C3800CAA2C2 /* Haumea.png */; };
		011A277B2119E50A00387E04 /* Tekton.png in Resources */ = {isa = PBXBuildFile; fileRef = 011A277A2119E50900387E04 /* Tekton.png */; };
		011BDBCB2017CDEA00D18898 /* adjusterBack.png in Resources */ = {isa = PBXBuildFile; fileRef = 011BDBCA2017CDE700D18898 /* adjusterBack.png */; };
		011BDBCD2017DB7900D18898 /* off12.png in Resources */ = {isa = PBXBuildFile; fileRef = 011BDBCC2017DB7800D18898 /* off12.png */; };
		011BDBCF2018F36900D18898 /* off6.png in Resources */ = {isa = PBXBuildFile; fileRef = 011BDBCE2018F36600D18898 /* off6.png */; };
		011D7BED1FEB494C001E3417 /* DignifiedGreen.png in Resources */ = {isa = PBXBuildFile; fileRef = 011D7BEB1FEB494B001E3417 /* DignifiedGreen.png */; };
		011D7BEE1FEB494C001E3417 /* Moon.png in Resources */ = {isa = PBXBuildFile; fileRef = 011D7BEC1FEB494B001E3417 /* Moon.png */; };
		011D7BF21FEB56BD001E3417 /* ZMNumbers.png in Resources */ = {isa = PBXBuildFile; fileRef = 011D7BF11FEB56BC001E3417 /* ZMNumbers.png */; };
		011D7BF61FEB59C9001E3417 /* cp1.png in Resources */ = {isa = PBXBuildFile; fileRef = 011D7BF41FEB59C9001E3417 /* cp1.png */; };
		011D7BF91FEC644A001E3417 /* dragonHead10.png in Resources */ = {isa = PBXBuildFile; fileRef = 011D7BF71FEC6444001E3417 /* dragonHead10.png */; };
		011D7BFA1FEC644A001E3417 /* dragonUpperBody10.png in Resources */ = {isa = PBXBuildFile; fileRef = 011D7BF81FEC6447001E3417 /* dragonUpperBody10.png */; };
		011D7BFC1FEEA101001E3417 /* CelestialBodyData.swift in Sources */ = {isa = PBXBuildFile; fileRef = 011D7BFB1FEEA0FF001E3417 /* CelestialBodyData.swift */; };
		011D7C021FEEFFA0001E3417 /* DignifiedDomicile.png in Resources */ = {isa = PBXBuildFile; fileRef = 011D7BFD1FEEFF95001E3417 /* DignifiedDomicile.png */; };
		011D7C031FEEFFA0001E3417 /* DignifiedEmpty.png in Resources */ = {isa = PBXBuildFile; fileRef = 011D7BFE1FEEFF97001E3417 /* DignifiedEmpty.png */; };
		011D7C041FEEFFA0001E3417 /* DignifiedExalted.png in Resources */ = {isa = PBXBuildFile; fileRef = 011D7BFF1FEEFF99001E3417 /* DignifiedExalted.png */; };
		011D7C051FEEFFA0001E3417 /* DignifiedDetriment.png in Resources */ = {isa = PBXBuildFile; fileRef = 011D7C001FEEFF9C001E3417 /* DignifiedDetriment.png */; };
		011D7C061FEEFFA0001E3417 /* DignifiedFall.png in Resources */ = {isa = PBXBuildFile; fileRef = 011D7C011FEEFF9E001E3417 /* DignifiedFall.png */; };
		011D7C081FEF058A001E3417 /* Empty.png in Resources */ = {isa = PBXBuildFile; fileRef = 011D7C071FEF0588001E3417 /* Empty.png */; };
		01274D83200E58AA007D2DD2 /* ringBackdrop.png in Resources */ = {isa = PBXBuildFile; fileRef = 01274D82200E58A9007D2DD2 /* ringBackdrop.png */; };
		01274D89200EACCD007D2DD2 /* bkg5.png in Resources */ = {isa = PBXBuildFile; fileRef = 01274D84200EACB4007D2DD2 /* bkg5.png */; };
		01274D8A200EACCD007D2DD2 /* bkg1.png in Resources */ = {isa = PBXBuildFile; fileRef = 01274D85200EACB5007D2DD2 /* bkg1.png */; };
		01274D8B200EACCD007D2DD2 /* bkg3.png in Resources */ = {isa = PBXBuildFile; fileRef = 01274D86200EACB7007D2DD2 /* bkg3.png */; };
		01274D8C200EACCD007D2DD2 /* bkg4.png in Resources */ = {isa = PBXBuildFile; fileRef = 01274D87200EACB8007D2DD2 /* bkg4.png */; };
		01274D8D200EACCD007D2DD2 /* bkg2.png in Resources */ = {isa = PBXBuildFile; fileRef = 01274D88200EACC6007D2DD2 /* bkg2.png */; };
		012773A220B473D600AF3BCE /* Quaoar.png in Resources */ = {isa = PBXBuildFile; fileRef = 012773A120B473D500AF3BCE /* Quaoar.png */; };
		0129EC5920A4AF6B001B655A /* Nemesis.png in Resources */ = {isa = PBXBuildFile; fileRef = 0129EC5720A4AF62001B655A /* Nemesis.png */; };
		0129EC5A20A4AF6B001B655A /* Nefertiti.png in Resources */ = {isa = PBXBuildFile; fileRef = 0129EC5820A4AF67001B655A /* Nefertiti.png */; };
		01304E121FEAD70E000F24E9 /* AppDelegate.swift in Sources */ = {isa = PBXBuildFile; fileRef = 01304E111FEAD70E000F24E9 /* AppDelegate.swift */; };
		01304E141FEAD70E000F24E9 /* ViewController.swift in Sources */ = {isa = PBXBuildFile; fileRef = 01304E131FEAD70E000F24E9 /* ViewController.swift */; };
		01304E171FEAD70E000F24E9 /* Main.storyboard in Resources */ = {isa = PBXBuildFile; fileRef = 01304E151FEAD70E000F24E9 /* Main.storyboard */; };
		01304E191FEAD70E000F24E9 /* Assets.xcassets in Resources */ = {isa = PBXBuildFile; fileRef = 01304E181FEAD70E000F24E9 /* Assets.xcassets */; };
		01304E1C1FEAD70E000F24E9 /* LaunchScreen.storyboard in Resources */ = {isa = PBXBuildFile; fileRef = 01304E1A1FEAD70E000F24E9 /* LaunchScreen.storyboard */; };
		01304E241FEAD76B000F24E9 /* Untitled.png in Resources */ = {isa = PBXBuildFile; fileRef = 01304E231FEAD76B000F24E9 /* Untitled.png */; };
		01304E261FEAEC9D000F24E9 /* DataModel.swift in Sources */ = {isa = PBXBuildFile; fileRef = 01304E251FEAEC9D000F24E9 /* DataModel.swift */; };
		01304E281FEAFAA3000F24E9 /* 7916342_orig.jpg in Resources */ = {isa = PBXBuildFile; fileRef = 01304E271FEAFAA3000F24E9 /* 7916342_orig.jpg */; };
		01304E2C1FEB0C38000F24E9 /* ZodiacMandala.png in Resources */ = {isa = PBXBuildFile; fileRef = 01304E2B1FEB0C38000F24E9 /* ZodiacMandala.png */; };
		016A606720421D8300478BEB /* Image.png in Resources */ = {isa = PBXBuildFile; fileRef = 016A606620421D8100478BEB /* Image.png */; };
		016F38BB200D8B45003EC6B1 /* black_circle_u25CF_icon_256x256.png in Resources */ = {isa = PBXBuildFile; fileRef = 016F38BA200D8B44003EC6B1 /* black_circle_u25CF_icon_256x256.png */; };
		018112551FEF76300071111D /* cosmos.jpeg in Resources */ = {isa = PBXBuildFile; fileRef = 018112541FEF76300071111D /* cosmos.jpeg */; };
		018112571FF010A40071111D /* Chiron.png in Resources */ = {isa = PBXBuildFile; fileRef = 018112561FF010A40071111D /* Chiron.png */; };
		0181125D1FF0186F0071111D /* Mars.png in Resources */ = {isa = PBXBuildFile; fileRef = 018112581FF0186D0071111D /* Mars.png */; };
		0181125E1FF0186F0071111D /* Dejanira.png in Resources */ = {isa = PBXBuildFile; fileRef = 018112591FF0186E0071111D /* Dejanira.png */; };
		0181125F1FF0186F0071111D /* Neptune.png in Resources */ = {isa = PBXBuildFile; fileRef = 0181125A1FF0186E0071111D /* Neptune.png */; };
		018112601FF0186F0071111D /* Jupiter.png in Resources */ = {isa = PBXBuildFile; fileRef = 0181125B1FF0186E0071111D /* Jupiter.png */; };
		018112611FF0186F0071111D /* Lilith.png in Resources */ = {isa = PBXBuildFile; fileRef = 0181125C1FF0186F0071111D /* Lilith.png */; };
		0181126F1FF01F980071111D /* NN.png in Resources */ = {isa = PBXBuildFile; fileRef = 018112621FF01F940071111D /* NN.png */; };
		018112701FF01F980071111D /* Venus.png in Resources */ = {isa = PBXBuildFile; fileRef = 018112631FF01F940071111D /* Venus.png */; };
		018112721FF01F980071111D /* Saturn.png in Resources */ = {isa = PBXBuildFile; fileRef = 018112651FF01F950071111D /* Saturn.png */; };
		018112731FF01F980071111D /* Pluto.png in Resources */ = {isa = PBXBuildFile; fileRef = 018112661FF01F950071111D /* Pluto.png */; };
		018112741FF01F980071111D /* Psyche.png in Resources */ = {isa = PBXBuildFile; fileRef = 018112671FF01F950071111D /* Psyche.png */; };
		018112751FF01F980071111D /* Sun.png in Resources */ = {isa = PBXBuildFile; fileRef = 018112681FF01F960071111D /* Sun.png */; };
		018112761FF01F980071111D /* Nibiru.png in Resources */ = {isa = PBXBuildFile; fileRef = 018112691FF01F960071111D /* Nibiru.png */; };
		018112781FF01F980071111D /* SN.png in Resources */ = {isa = PBXBuildFile; fileRef = 0181126B1FF01F970071111D /* SN.png */; };
		018112791FF01F980071111D /* Nessus.png in Resources */ = {isa = PBXBuildFile; fileRef = 0181126C1FF01F970071111D /* Nessus.png */; };
		0181127A1FF01F980071111D /* Sedna.png in Resources */ = {isa = PBXBuildFile; fileRef = 0181126D1FF01F970071111D /* Sedna.png */; };
		0181127B1FF01F980071111D /* Uranus.png in Resources */ = {isa = PBXBuildFile; fileRef = 0181126E1FF01F980071111D /* Uranus.png */; };
		0181127E1FF033D00071111D /* Mercury.png in Resources */ = {isa = PBXBuildFile; fileRef = 0181127C1FF033D00071111D /* Mercury.png */; };
		0181127F1FF033D00071111D /* Eros.png in Resources */ = {isa = PBXBuildFile; fileRef = 0181127D1FF033D00071111D /* Eros.png */; };
		018112811FF035C00071111D /* NCustomLabel.swift in Sources */ = {isa = PBXBuildFile; fileRef = 018112801FF035C00071111D /* NCustomLabel.swift */; };
		018112831FF17A830071111D /* gradient.png in Resources */ = {isa = PBXBuildFile; fileRef = 018112821FF17A820071111D /* gradient.png */; };
		0181128A1FF3F8D10071111D /* plusRotate2.png in Resources */ = {isa = PBXBuildFile; fileRef = 018112881FF3F8BA0071111D /* plusRotate2.png */; };
		0181128B1FF3F8D10071111D /* minusRotate2.png in Resources */ = {isa = PBXBuildFile; fileRef = 018112891FF3F8BB0071111D /* minusRotate2.png */; };
		018F4ABE209BCD2900995E37 /* connection.png in Resources */ = {isa = PBXBuildFile; fileRef = 018F4ABD209BCD2100995E37 /* connection.png */; };
		01972FD32097974B00AF2899 /* Starry-Sky-Stars-Space-Wallpaper-1440x2560-768x1365.jpg in Resources */ = {isa = PBXBuildFile; fileRef = 01972FD22097974A00AF2899 /* Starry-Sky-Stars-Space-Wallpaper-1440x2560-768x1365.jpg */; };
		01972FD62099F4B500AF2899 /* Ixion.png in Resources */ = {isa = PBXBuildFile; fileRef = 01972FD42099F4B400AF2899 /* Ixion.png */; };
		01972FD72099F4B500AF2899 /* Pylenor.png in Resources */ = {isa = PBXBuildFile; fileRef = 01972FD52099F4B400AF2899 /* Pylenor.png */; };
		019E7E1E2001347F00ED3F77 /* icon (1) in Resources */ = {isa = PBXBuildFile; fileRef = 019E7E1D2001347D00ED3F77 /* icon (1) */; };
		019E7E202003D96400ED3F77 /* circleBig.png in Resources */ = {isa = PBXBuildFile; fileRef = 019E7E1F2003D96100ED3F77 /* circleBig.png */; };
		019E7E222003DCE100ED3F77 /* circleSmall1.png in Resources */ = {isa = PBXBuildFile; fileRef = 019E7E212003DCDF00ED3F77 /* circleSmall1.png */; };
		019E7E252003E25300ED3F77 /* arrowUp.png in Resources */ = {isa = PBXBuildFile; fileRef = 019E7E232003E24E00ED3F77 /* arrowUp.png */; };
		019E7E262003E25300ED3F77 /* arrowDown.png in Resources */ = {isa = PBXBuildFile; fileRef = 019E7E242003E25000ED3F77 /* arrowDown.png */; };
		019E7E282003EBD700ED3F77 /* words.png in Resources */ = {isa = PBXBuildFile; fileRef = 019E7E272003EBD300ED3F77 /* words.png */; };
		01B26F58200536A90076683F /* gearIcon.png in Resources */ = {isa = PBXBuildFile; fileRef = 01B26F57200536A80076683F /* gearIcon.png */; };
		01B8EFEA2028E9C30019F18D /* iChingDataModel.swift in Sources */ = {isa = PBXBuildFile; fileRef = 01B8EFE92028E9C30019F18D /* iChingDataModel.swift */; };
		01BCA6C2201A627E003E7EBA /* set7.png in Resources */ = {isa = PBXBuildFile; fileRef = 01BCA6B6201A6257003E7EBA /* set7.png */; };
		01BCA6C3201A627E003E7EBA /* set4.png in Resources */ = {isa = PBXBuildFile; fileRef = 01BCA6B7201A6258003E7EBA /* set4.png */; };
		01BCA6C4201A627E003E7EBA /* set2.png in Resources */ = {isa = PBXBuildFile; fileRef = 01BCA6B8201A625D003E7EBA /* set2.png */; };
		01BCA6C5201A627E003E7EBA /* set9.png in Resources */ = {isa = PBXBuildFile; fileRef = 01BCA6B9201A6261003E7EBA /* set9.png */; };
		01BCA6C6201A627E003E7EBA /* set12.png in Resources */ = {isa = PBXBuildFile; fileRef = 01BCA6BA201A6264003E7EBA /* set12.png */; };
		01BCA6C7201A627E003E7EBA /* set10.png in Resources */ = {isa = PBXBuildFile; fileRef = 01BCA6BB201A6269003E7EBA /* set10.png */; };
		01BCA6C8201A627E003E7EBA /* set1.png in Resources */ = {isa = PBXBuildFile; fileRef = 01BCA6BC201A626D003E7EBA /* set1.png */; };
		01BCA6C9201A627E003E7EBA /* set6.png in Resources */ = {isa = PBXBuildFile; fileRef = 01BCA6BD201A626F003E7EBA /* set6.png */; };
		01BCA6CA201A627E003E7EBA /* set8.png in Resources */ = {isa = PBXBuildFile; fileRef = 01BCA6BE201A6273003E7EBA /* set8.png */; };
		01BCA6CB201A627E003E7EBA /* set5.png in Resources */ = {isa = PBXBuildFile; fileRef = 01BCA6BF201A6278003E7EBA /* set5.png */; };
		01BCA6CC201A627E003E7EBA /* set11.png in Resources */ = {isa = PBXBuildFile; fileRef = 01BCA6C0201A627C003E7EBA /* set11.png */; };
		01BCA6CD201A627E003E7EBA /* set3.png in Resources */ = {isa = PBXBuildFile; fileRef = 01BCA6C1201A627D003E7EBA /* set3.png */; };
		01F1BAF920292F8700AB2B30 /* yin.png in Resources */ = {isa = PBXBuildFile; fileRef = 01F1BAF820292F8600AB2B30 /* yin.png */; };
		01F222151FF442B5006016ED /* webViewController.swift in Sources */ = {isa = PBXBuildFile; fileRef = 01F222141FF442B5006016ED /* webViewController.swift */; };
/* End PBXBuildFile section */

/* Begin PBXFileReference section */
		010D22471FF6C3F400BA86BF /* draconic0.png */ = {isa = PBXFileReference; lastKnownFileType = image.png; name = draconic0.png; path = ../../../Documents/draconic0.png; sourceTree = "<group>"; };
		010D22481FF6C3F500BA86BF /* draconic1.png */ = {isa = PBXFileReference; lastKnownFileType = image.png; name = draconic1.png; path = ../../../Documents/draconic1.png; sourceTree = "<group>"; };
		010D22491FF6C3F800BA86BF /* draconic2.png */ = {isa = PBXFileReference; lastKnownFileType = image.png; name = draconic2.png; path = ../../../Documents/draconic2.png; sourceTree = "<group>"; };
		010D224A1FF6C3FB00BA86BF /* draconic3.png */ = {isa = PBXFileReference; lastKnownFileType = image.png; name = draconic3.png; path = ../../../Documents/draconic3.png; sourceTree = "<group>"; };
		01128CB9201E364100A79AF7 /* yang.png */ = {isa = PBXFileReference; lastKnownFileType = image.png; name = yang.png; path = ../../../Documents/yang.png; sourceTree = "<group>"; };
		0112FE82209631EA0069124D /* Pallas.png */ = {isa = PBXFileReference; lastKnownFileType = image.png; name = Pallas.png; path = ../../../Documents/Pallas.png; sourceTree = "<group>"; };
		0112FE83209631F00069124D /* GC.png */ = {isa = PBXFileReference; lastKnownFileType = image.png; name = GC.png; path = ../../../Documents/GC.png; sourceTree = "<group>"; };
		0112FE84209631F70069124D /* GA.png */ = {isa = PBXFileReference; lastKnownFileType = image.png; name = GA.png; path = ../../../Documents/GA.png; sourceTree = "<group>"; };
		0112FE85209631FC0069124D /* Anubis.png */ = {isa = PBXFileReference; lastKnownFileType = image.png; name = Anubis.png; path = ../../../Documents/Anubis.png; sourceTree = "<group>"; };
		0112FE86209631FC0069124D /* Hebe.png */ = {isa = PBXFileReference; lastKnownFileType = image.png; name = Hebe.png; path = ../../../Documents/Hebe.png; sourceTree = "<group>"; };
		0112FE87209632000069124D /* Orcus.png */ = {isa = PBXFileReference; lastKnownFileType = image.png; name = Orcus.png; path = ../../../Documents/Orcus.png; sourceTree = "<group>"; };
		0112FE88209632030069124D /* SGC.png */ = {isa = PBXFileReference; lastKnownFileType = image.png; name = SGC.png; path = ../../../Documents/SGC.png; sourceTree = "<group>"; };
		01143606200ACDFF00B75813 /* dragonsTail2.png */ = {isa = PBXFileReference; lastKnownFileType = image.png; name = dragonsTail2.png; path = ../../../Documents/dragonsTail2.png; sourceTree = "<group>"; };
		01143607200ACE0100B75813 /* dragonsTail7.png */ = {isa = PBXFileReference; lastKnownFileType = image.png; name = dragonsTail7.png; path = ../../../Documents/dragonsTail7.png; sourceTree = "<group>"; };
		01143608200ACE0C00B75813 /* dragonsTail11.png */ = {isa = PBXFileReference; lastKnownFileType = image.png; name = dragonsTail11.png; path = ../../../Documents/dragonsTail11.png; sourceTree = "<group>"; };
		01143609200ACE1100B75813 /* dragonsTail5.png */ = {isa = PBXFileReference; lastKnownFileType = image.png; name = dragonsTail5.png; path = ../../../Documents/dragonsTail5.png; sourceTree = "<group>"; };
		0114360A200ACE1500B75813 /* dragonsTail8.png */ = {isa = PBXFileReference; lastKnownFileType = image.png; name = dragonsTail8.png; path = ../../../Documents/dragonsTail8.png; sourceTree = "<group>"; };
		0114360B200ACE2300B75813 /* dragonsTail12.png */ = {isa = PBXFileReference; lastKnownFileType = image.png; name = dragonsTail12.png; path = ../../../Documents/dragonsTail12.png; sourceTree = "<group>"; };
		0114360C200ACE2900B75813 /* dragonsTail3.png */ = {isa = PBXFileReference; lastKnownFileType = image.png; name = dragonsTail3.png; path = ../../../Documents/dragonsTail3.png; sourceTree = "<group>"; };
		0114360D200ACE3500B75813 /* dragonsTail9.png */ = {isa = PBXFileReference; lastKnownFileType = image.png; name = dragonsTail9.png; path = ../../../Documents/dragonsTail9.png; sourceTree = "<group>"; };
		0114360E200ACE3A00B75813 /* dragonsTail6.png */ = {isa = PBXFileReference; lastKnownFileType = image.png; name = dragonsTail6.png; path = ../../../Documents/dragonsTail6.png; sourceTree = "<group>"; };
		0114360F200ACE4600B75813 /* dragonsTail1.png */ = {isa = PBXFileReference; lastKnownFileType = image.png; name = dragonsTail1.png; path = ../../../Documents/dragonsTail1.png; sourceTree = "<group>"; };
		01143610200ACE4A00B75813 /* dragonsTail4.png */ = {isa = PBXFileReference; lastKnownFileType = image.png; name = dragonsTail4.png; path = ../../../Documents/dragonsTail4.png; sourceTree = "<group>"; };
		01143611200ACE4C00B75813 /* dragonsTail10.png */ = {isa = PBXFileReference; lastKnownFileType = image.png; name = dragonsTail10.png; path = ../../../Documents/dragonsTail10.png; sourceTree = "<group>"; };
		0114361E200ADDD700B75813 /* 16535326177271407165.svg */ = {isa = PBXFileReference; fileEncoding = 4; lastKnownFileType = text.xml; name = 16535326177271407165.svg; path = ../../Documents/16535326177271407165.svg; sourceTree = "<group>"; };
		01143620200ADE7A00B75813 /* 187609.jpg */ = {isa = PBXFileReference; lastKnownFileType = image.jpeg; name = 187609.jpg; path = ../../../Documents/187609.jpg; sourceTree = "<group>"; };
		01143622200BD2CA00B75813 /* Websites */ = {isa = PBXFileReference; lastKnownFileType = folder; path = Websites; sourceTree = "<group>"; };
		01143624200D2BAD00B75813 /* Eris.png */ = {isa = PBXFileReference; lastKnownFileType = image.png; name = Eris.png; path = ../../../Documents/Eris.png; sourceTree = "<group>"; };
		01143626200D32D800B75813 /* North Node.png */ = {isa = PBXFileReference; lastKnownFileType = image.png; name = "North Node.png"; path = "../../../Documents/North Node.png"; sourceTree = "<group>"; };
		01143627200D32DD00B75813 /* South Node.png */ = {isa = PBXFileReference; lastKnownFileType = image.png; name = "South Node.png"; path = "../../../Documents/South Node.png"; sourceTree = "<group>"; };
		0114362A200D380600B75813 /* Amor.png */ = {isa = PBXFileReference; lastKnownFileType = image.png; name = Amor.png; path = ../../../Documents/Amor.png; sourceTree = "<group>"; };
		0114362B200D380A00B75813 /* Fortunae.png */ = {isa = PBXFileReference; lastKnownFileType = image.png; name = Fortunae.png; path = ../../../Documents/Fortunae.png; sourceTree = "<group>"; };
		0114362E200D3C5200B75813 /* Cupido.png */ = {isa = PBXFileReference; lastKnownFileType = image.png; name = Cupido.png; path = ../../../Documents/Cupido.png; sourceTree = "<group>"; };
		0114362F200D3C5D00B75813 /* Valentine.png */ = {isa = PBXFileReference; lastKnownFileType = image.png; name = Valentine.png; path = ../../../Documents/Valentine.png; sourceTree = "<group>"; };
		01143632200D608E00B75813 /* Juno.png */ = {isa = PBXFileReference; lastKnownFileType = image.png; name = Juno.png; path = ../../../Documents/Juno.png; sourceTree = "<group>"; };
		01143633200D609300B75813 /* Kaali.png */ = {isa = PBXFileReference; lastKnownFileType = image.png; name = Kaali.png; path = ../../../Documents/Kaali.png; sourceTree = "<group>"; };
		01143634200D609D00B75813 /* Hekate.png */ = {isa = PBXFileReference; lastKnownFileType = image.png; name = Hekate.png; path = ../../../Documents/Hekate.png; sourceTree = "<group>"; };
		01143635200D60A900B75813 /* Heracles.png */ = {isa = PBXFileReference; lastKnownFileType = image.png; name = Heracles.png; path = ../../../Documents/Heracles.png; sourceTree = "<group>"; };
		011669331FFE930700AD8E42 /* keyboard.png */ = {isa = PBXFileReference; lastKnownFileType = image.png; name = keyboard.png; path = ../../../Documents/keyboard.png; sourceTree = "<group>"; };
		011669351FFE9D4600AD8E42 /* exitIcon.png */ = {isa = PBXFileReference; lastKnownFileType = image.png; name = exitIcon.png; path = ../../../Documents/exitIcon.png; sourceTree = "<group>"; };
		0116F6BE2008140800F76E0F /* dragonHead3.png */ = {isa = PBXFileReference; lastKnownFileType = image.png; name = dragonHead3.png; path = ../../../Documents/dragonHead3.png; sourceTree = "<group>"; };
		0116F6BF2008140800F76E0F /* dragonHead8.png */ = {isa = PBXFileReference; lastKnownFileType = image.png; name = dragonHead8.png; path = ../../../Documents/dragonHead8.png; sourceTree = "<group>"; };
		0116F6C02008143000F76E0F /* dragonHead2.png */ = {isa = PBXFileReference; lastKnownFileType = image.png; name = dragonHead2.png; path = ../../../Documents/dragonHead2.png; sourceTree = "<group>"; };
		0116F6C12008143100F76E0F /* dragonHead5.png */ = {isa = PBXFileReference; lastKnownFileType = image.png; name = dragonHead5.png; path = ../../../Documents/dragonHead5.png; sourceTree = "<group>"; };
		0116F6C22008143200F76E0F /* dragonHead4.png */ = {isa = PBXFileReference; lastKnownFileType = image.png; name = dragonHead4.png; path = ../../../Documents/dragonHead4.png; sourceTree = "<group>"; };
		0116F6C32008143500F76E0F /* dragonHead6.png */ = {isa = PBXFileReference; lastKnownFileType = image.png; name = dragonHead6.png; path = ../../../Documents/dragonHead6.png; sourceTree = "<group>"; };
		0116F6C42008143700F76E0F /* dragonHead9.png */ = {isa = PBXFileReference; lastKnownFileType = image.png; name = dragonHead9.png; path = ../../../Documents/dragonHead9.png; sourceTree = "<group>"; };
		0116F6C52008145C00F76E0F /* dragonHead12.png */ = {isa = PBXFileReference; lastKnownFileType = image.png; name = dragonHead12.png; path = ../../../Documents/dragonHead12.png; sourceTree = "<group>"; };
		0116F6C62008145F00F76E0F /* dragonHead11.png */ = {isa = PBXFileReference; lastKnownFileType = image.png; name = dragonHead11.png; path = ../../../Documents/dragonHead11.png; sourceTree = "<group>"; };
		0116F6C72008146200F76E0F /* dragonHead7.png */ = {isa = PBXFileReference; lastKnownFileType = image.png; name = dragonHead7.png; path = ../../../Documents/dragonHead7.png; sourceTree = "<group>"; };
		0116F6C82008146400F76E0F /* dragonHead1.png */ = {isa = PBXFileReference; lastKnownFileType = image.png; name = dragonHead1.png; path = ../../../Documents/dragonHead1.png; sourceTree = "<group>"; };
		0116F6D420092E2500F76E0F /* ring12gauge2.png */ = {isa = PBXFileReference; lastKnownFileType = image.png; name = ring12gauge2.png; path = ../../../Documents/ring12gauge2.png; sourceTree = "<group>"; };
		0116F6D520092E2600F76E0F /* ring12gauge1.png */ = {isa = PBXFileReference; lastKnownFileType = image.png; name = ring12gauge1.png; path = ../../../Documents/ring12gauge1.png; sourceTree = "<group>"; };
		0116F6D820093A7600F76E0F /* ring12gauge7.png */ = {isa = PBXFileReference; lastKnownFileType = image.png; name = ring12gauge7.png; path = ../../../Documents/ring12gauge7.png; sourceTree = "<group>"; };
		0116F6D920093A7700F76E0F /* ring12gauge12.png */ = {isa = PBXFileReference; lastKnownFileType = image.png; name = ring12gauge12.png; path = ../../../Documents/ring12gauge12.png; sourceTree = "<group>"; };
		0116F6DA20093A7900F76E0F /* ring12gauge3.png */ = {isa = PBXFileReference; lastKnownFileType = image.png; name = ring12gauge3.png; path = ../../../Documents/ring12gauge3.png; sourceTree = "<group>"; };
		0116F6DB20093A7D00F76E0F /* ring12gauge6.png */ = {isa = PBXFileReference; lastKnownFileType = image.png; name = ring12gauge6.png; path = ../../../Documents/ring12gauge6.png; sourceTree = "<group>"; };
		0116F6DC20093A8100F76E0F /* ring12gauge10.png */ = {isa = PBXFileReference; lastKnownFileType = image.png; name = ring12gauge10.png; path = ../../../Documents/ring12gauge10.png; sourceTree = "<group>"; };
		0116F6DD20093A8500F76E0F /* ring12gauge5.png */ = {isa = PBXFileReference; lastKnownFileType = image.png; name = ring12gauge5.png; path = ../../../Documents/ring12gauge5.png; sourceTree = "<group>"; };
		0116F6DE20093A8500F76E0F /* ring12gauge11.png */ = {isa = PBXFileReference; lastKnownFileType = image.png; name = ring12gauge11.png; path = ../../../Documents/ring12gauge11.png; sourceTree = "<group>"; };
		0116F6DF20093A8800F76E0F /* ring12gauge9.png */ = {isa = PBXFileReference; lastKnownFileType = image.png; name = ring12gauge9.png; path = ../../../Documents/ring12gauge9.png; sourceTree = "<group>"; };
		0116F6E020093A8800F76E0F /* ring12gauge8.png */ = {isa = PBXFileReference; lastKnownFileType = image.png; name = ring12gauge8.png; path = ../../../Documents/ring12gauge8.png; sourceTree = "<group>"; };
		0116F6E120093A8B00F76E0F /* ring12gauge4.png */ = {isa = PBXFileReference; lastKnownFileType = image.png; name = ring12gauge4.png; path = ../../../Documents/ring12gauge4.png; sourceTree = "<group>"; };
		0116F6EC200943FE00F76E0F /* ring6gauge4.png */ = {isa = PBXFileReference; lastKnownFileType = image.png; name = ring6gauge4.png; path = ../../../Documents/ring6gauge4.png; sourceTree = "<group>"; };
		0116F6ED200943FE00F76E0F /* ring6gauge2.png */ = {isa = PBXFileReference; lastKnownFileType = image.png; name = ring6gauge2.png; path = ../../../Documents/ring6gauge2.png; sourceTree = "<group>"; };
		0116F6EE2009440200F76E0F /* ring6gauge3.png */ = {isa = PBXFileReference; lastKnownFileType = image.png; name = ring6gauge3.png; path = ../../../Documents/ring6gauge3.png; sourceTree = "<group>"; };
		0116F6EF2009440300F76E0F /* ring6gauge5.png */ = {isa = PBXFileReference; lastKnownFileType = image.png; name = ring6gauge5.png; path = ../../../Documents/ring6gauge5.png; sourceTree = "<group>"; };
		0116F6F02009440600F76E0F /* ring6gauge1.png */ = {isa = PBXFileReference; lastKnownFileType = image.png; name = ring6gauge1.png; path = ../../../Documents/ring6gauge1.png; sourceTree = "<group>"; };
		0116F6F12009440700F76E0F /* ring6gauge6.png */ = {isa = PBXFileReference; lastKnownFileType = image.png; name = ring6gauge6.png; path = ../../../Documents/ring6gauge6.png; sourceTree = "<group>"; };
		011753D520B06C3800CAA2C2 /* Haumea.png */ = {isa = PBXFileReference; lastKnownFileType = image.png; name = Haumea.png; path = ../../../Documents/Haumea.png; sourceTree = "<group>"; };
		011A277A2119E50900387E04 /* Tekton.png */ = {isa = PBXFileReference; lastKnownFileType = image.png; name = Tekton.png; path = ../../../Documents/Tekton.png; sourceTree = "<group>"; };
		011BDBCA2017CDE700D18898 /* adjusterBack.png */ = {isa = PBXFileReference; lastKnownFileType = image.png; name = adjusterBack.png; path = ../../Documents/adjusterBack.png; sourceTree = "<group>"; };
		011BDBCC2017DB7800D18898 /* off12.png */ = {isa = PBXFileReference; lastKnownFileType = image.png; name = off12.png; path = ../../../Documents/off12.png; sourceTree = "<group>"; };
		011BDBCE2018F36600D18898 /* off6.png */ = {isa = PBXFileReference; lastKnownFileType = image.png; name = off6.png; path = ../../../Documents/off6.png; sourceTree = "<group>"; };
		011D7BEB1FEB494B001E3417 /* DignifiedGreen.png */ = {isa = PBXFileReference; lastKnownFileType = image.png; name = DignifiedGreen.png; path = ../../../Documents/DignifiedGreen.png; sourceTree = "<group>"; };
		011D7BEC1FEB494B001E3417 /* Moon.png */ = {isa = PBXFileReference; lastKnownFileType = image.png; name = Moon.png; path = ../../../Documents/Moon.png; sourceTree = "<group>"; };
		011D7BF11FEB56BC001E3417 /* ZMNumbers.png */ = {isa = PBXFileReference; lastKnownFileType = image.png; name = ZMNumbers.png; path = ../../../Documents/ZMNumbers.png; sourceTree = "<group>"; };
		011D7BF41FEB59C9001E3417 /* cp1.png */ = {isa = PBXFileReference; lastKnownFileType = image.png; name = cp1.png; path = ../../../Documents/cp1.png; sourceTree = "<group>"; };
		011D7BF71FEC6444001E3417 /* dragonHead10.png */ = {isa = PBXFileReference; lastKnownFileType = image.png; name = dragonHead10.png; path = ../../../Documents/dragonHead10.png; sourceTree = "<group>"; };
		011D7BF81FEC6447001E3417 /* dragonUpperBody10.png */ = {isa = PBXFileReference; lastKnownFileType = image.png; name = dragonUpperBody10.png; path = ../../../Documents/dragonUpperBody10.png; sourceTree = "<group>"; };
		011D7BFB1FEEA0FF001E3417 /* CelestialBodyData.swift */ = {isa = PBXFileReference; lastKnownFileType = sourcecode.swift; path = CelestialBodyData.swift; sourceTree = "<group>"; };
		011D7BFD1FEEFF95001E3417 /* DignifiedDomicile.png */ = {isa = PBXFileReference; lastKnownFileType = image.png; name = DignifiedDomicile.png; path = ../../../Documents/DignifiedDomicile.png; sourceTree = "<group>"; };
		011D7BFE1FEEFF97001E3417 /* DignifiedEmpty.png */ = {isa = PBXFileReference; lastKnownFileType = image.png; name = DignifiedEmpty.png; path = ../../../Documents/DignifiedEmpty.png; sourceTree = "<group>"; };
		011D7BFF1FEEFF99001E3417 /* DignifiedExalted.png */ = {isa = PBXFileReference; lastKnownFileType = image.png; name = DignifiedExalted.png; path = ../../../Documents/DignifiedExalted.png; sourceTree = "<group>"; };
		011D7C001FEEFF9C001E3417 /* DignifiedDetriment.png */ = {isa = PBXFileReference; lastKnownFileType = image.png; name = DignifiedDetriment.png; path = ../../../Documents/DignifiedDetriment.png; sourceTree = "<group>"; };
		011D7C011FEEFF9E001E3417 /* DignifiedFall.png */ = {isa = PBXFileReference; lastKnownFileType = image.png; name = DignifiedFall.png; path = ../../../Documents/DignifiedFall.png; sourceTree = "<group>"; };
		011D7C071FEF0588001E3417 /* Empty.png */ = {isa = PBXFileReference; lastKnownFileType = image.png; name = Empty.png; path = ../../../Documents/Empty.png; sourceTree = "<group>"; };
		01274D82200E58A9007D2DD2 /* ringBackdrop.png */ = {isa = PBXFileReference; lastKnownFileType = image.png; name = ringBackdrop.png; path = ../../Documents/ringBackdrop.png; sourceTree = "<group>"; };
		01274D84200EACB4007D2DD2 /* bkg5.png */ = {isa = PBXFileReference; lastKnownFileType = image.png; name = bkg5.png; path = ../../../Documents/bkg5.png; sourceTree = "<group>"; };
		01274D85200EACB5007D2DD2 /* bkg1.png */ = {isa = PBXFileReference; lastKnownFileType = image.png; name = bkg1.png; path = ../../../Documents/bkg1.png; sourceTree = "<group>"; };
		01274D86200EACB7007D2DD2 /* bkg3.png */ = {isa = PBXFileReference; lastKnownFileType = image.png; name = bkg3.png; path = ../../../Documents/bkg3.png; sourceTree = "<group>"; };
		01274D87200EACB8007D2DD2 /* bkg4.png */ = {isa = PBXFileReference; lastKnownFileType = image.png; name = bkg4.png; path = ../../../Documents/bkg4.png; sourceTree = "<group>"; };
		01274D88200EACC6007D2DD2 /* bkg2.png */ = {isa = PBXFileReference; lastKnownFileType = image.png; name = bkg2.png; path = ../../../Documents/bkg2.png; sourceTree = "<group>"; };
		012773A120B473D500AF3BCE /* Quaoar.png */ = {isa = PBXFileReference; lastKnownFileType = image.png; name = Quaoar.png; path = ../../../Documents/Quaoar.png; sourceTree = "<group>"; };
		0129EC5720A4AF62001B655A /* Nemesis.png */ = {isa = PBXFileReference; lastKnownFileType = image.png; name = Nemesis.png; path = ../../../Documents/Nemesis.png; sourceTree = "<group>"; };
		0129EC5820A4AF67001B655A /* Nefertiti.png */ = {isa = PBXFileReference; lastKnownFileType = image.png; name = Nefertiti.png; path = ../../../Documents/Nefertiti.png; sourceTree = "<group>"; };
		01304E0E1FEAD70E000F24E9 /* MindPlotter.app */ = {isa = PBXFileReference; explicitFileType = wrapper.application; includeInIndex = 0; path = MindPlotter.app; sourceTree = BUILT_PRODUCTS_DIR; };
		01304E111FEAD70E000F24E9 /* AppDelegate.swift */ = {isa = PBXFileReference; lastKnownFileType = sourcecode.swift; path = AppDelegate.swift; sourceTree = "<group>"; };
		01304E131FEAD70E000F24E9 /* ViewController.swift */ = {isa = PBXFileReference; lastKnownFileType = sourcecode.swift; path = ViewController.swift; sourceTree = "<group>"; };
		01304E161FEAD70E000F24E9 /* Base */ = {isa = PBXFileReference; lastKnownFileType = file.storyboard; name = Base; path = Base.lproj/Main.storyboard; sourceTree = "<group>"; };
		01304E181FEAD70E000F24E9 /* Assets.xcassets */ = {isa = PBXFileReference; lastKnownFileType = folder.assetcatalog; path = Assets.xcassets; sourceTree = "<group>"; };
		01304E1B1FEAD70E000F24E9 /* Base */ = {isa = PBXFileReference; lastKnownFileType = file.storyboard; name = Base; path = Base.lproj/LaunchScreen.storyboard; sourceTree = "<group>"; };
		01304E1D1FEAD70E000F24E9 /* Info.plist */ = {isa = PBXFileReference; lastKnownFileType = text.plist.xml; path = Info.plist; sourceTree = "<group>"; };
		01304E231FEAD76B000F24E9 /* Untitled.png */ = {isa = PBXFileReference; lastKnownFileType = image.png; name = Untitled.png; path = ../../../Downloads/Untitled.png; sourceTree = "<group>"; };
		01304E251FEAEC9D000F24E9 /* DataModel.swift */ = {isa = PBXFileReference; lastKnownFileType = sourcecode.swift; path = DataModel.swift; sourceTree = "<group>"; };
		01304E271FEAFAA3000F24E9 /* 7916342_orig.jpg */ = {isa = PBXFileReference; lastKnownFileType = image.jpeg; name = 7916342_orig.jpg; path = ../../../Documents/7916342_orig.jpg; sourceTree = "<group>"; };
		01304E2B1FEB0C38000F24E9 /* ZodiacMandala.png */ = {isa = PBXFileReference; lastKnownFileType = image.png; name = ZodiacMandala.png; path = ../../../Documents/ZodiacMandala.png; sourceTree = "<group>"; };
		016A606620421D8100478BEB /* Image.png */ = {isa = PBXFileReference; lastKnownFileType = image.png; name = Image.png; path = "../../../Library/Mobile Documents/com~apple~CloudDocs/Image.png"; sourceTree = "<group>"; };
		016F38BA200D8B44003EC6B1 /* black_circle_u25CF_icon_256x256.png */ = {isa = PBXFileReference; lastKnownFileType = image.png; name = black_circle_u25CF_icon_256x256.png; path = ../../../Documents/black_circle_u25CF_icon_256x256.png; sourceTree = "<group>"; };
		018112541FEF76300071111D /* cosmos.jpeg */ = {isa = PBXFileReference; lastKnownFileType = image.jpeg; name = cosmos.jpeg; path = ../../../Documents/cosmos.jpeg; sourceTree = "<group>"; };
		018112561FF010A40071111D /* Chiron.png */ = {isa = PBXFileReference; lastKnownFileType = image.png; name = Chiron.png; path = ../../../Documents/Chiron.png; sourceTree = "<group>"; };
		018112581FF0186D0071111D /* Mars.png */ = {isa = PBXFileReference; lastKnownFileType = image.png; name = Mars.png; path = ../../../Documents/Mars.png; sourceTree = "<group>"; };
		018112591FF0186E0071111D /* Dejanira.png */ = {isa = PBXFileReference; lastKnownFileType = image.png; name = Dejanira.png; path = ../../../Documents/Dejanira.png; sourceTree = "<group>"; };
		0181125A1FF0186E0071111D /* Neptune.png */ = {isa = PBXFileReference; lastKnownFileType = image.png; name = Neptune.png; path = ../../../Documents/Neptune.png; sourceTree = "<group>"; };
		0181125B1FF0186E0071111D /* Jupiter.png */ = {isa = PBXFileReference; lastKnownFileType = image.png; name = Jupiter.png; path = ../../../Documents/Jupiter.png; sourceTree = "<group>"; };
		0181125C1FF0186F0071111D /* Lilith.png */ = {isa = PBXFileReference; lastKnownFileType = image.png; name = Lilith.png; path = ../../../Documents/Lilith.png; sourceTree = "<group>"; };
		018112621FF01F940071111D /* NN.png */ = {isa = PBXFileReference; lastKnownFileType = image.png; name = NN.png; path = ../../../Documents/NN.png; sourceTree = "<group>"; };
		018112631FF01F940071111D /* Venus.png */ = {isa = PBXFileReference; lastKnownFileType = image.png; name = Venus.png; path = ../../../Documents/Venus.png; sourceTree = "<group>"; };
		018112651FF01F950071111D /* Saturn.png */ = {isa = PBXFileReference; lastKnownFileType = image.png; name = Saturn.png; path = ../../../Documents/Saturn.png; sourceTree = "<group>"; };
		018112661FF01F950071111D /* Pluto.png */ = {isa = PBXFileReference; lastKnownFileType = image.png; name = Pluto.png; path = ../../../Documents/Pluto.png; sourceTree = "<group>"; };
		018112671FF01F950071111D /* Psyche.png */ = {isa = PBXFileReference; lastKnownFileType = image.png; name = Psyche.png; path = ../../../Documents/Psyche.png; sourceTree = "<group>"; };
		018112681FF01F960071111D /* Sun.png */ = {isa = PBXFileReference; lastKnownFileType = image.png; name = Sun.png; path = ../../../Documents/Sun.png; sourceTree = "<group>"; };
		018112691FF01F960071111D /* Nibiru.png */ = {isa = PBXFileReference; lastKnownFileType = image.png; name = Nibiru.png; path = ../../../Documents/Nibiru.png; sourceTree = "<group>"; };
		0181126B1FF01F970071111D /* SN.png */ = {isa = PBXFileReference; lastKnownFileType = image.png; name = SN.png; path = ../../../Documents/SN.png; sourceTree = "<group>"; };
		0181126C1FF01F970071111D /* Nessus.png */ = {isa = PBXFileReference; lastKnownFileType = image.png; name = Nessus.png; path = ../../../Documents/Nessus.png; sourceTree = "<group>"; };
		0181126D1FF01F970071111D /* Sedna.png */ = {isa = PBXFileReference; lastKnownFileType = image.png; name = Sedna.png; path = ../../../Documents/Sedna.png; sourceTree = "<group>"; };
		0181126E1FF01F980071111D /* Uranus.png */ = {isa = PBXFileReference; lastKnownFileType = image.png; name = Uranus.png; path = ../../../Documents/Uranus.png; sourceTree = "<group>"; };
		0181127C1FF033D00071111D /* Mercury.png */ = {isa = PBXFileReference; lastKnownFileType = image.png; name = Mercury.png; path = ../../../Documents/Mercury.png; sourceTree = "<group>"; };
		0181127D1FF033D00071111D /* Eros.png */ = {isa = PBXFileReference; lastKnownFileType = image.png; name = Eros.png; path = ../../../Documents/Eros.png; sourceTree = "<group>"; };
		018112801FF035C00071111D /* NCustomLabel.swift */ = {isa = PBXFileReference; lastKnownFileType = sourcecode.swift; path = NCustomLabel.swift; sourceTree = "<group>"; };
		018112821FF17A820071111D /* gradient.png */ = {isa = PBXFileReference; lastKnownFileType = image.png; name = gradient.png; path = ../../../Documents/gradient.png; sourceTree = "<group>"; };
		018112881FF3F8BA0071111D /* plusRotate2.png */ = {isa = PBXFileReference; lastKnownFileType = image.png; name = plusRotate2.png; path = ../../../Documents/plusRotate2.png; sourceTree = "<group>"; };
		018112891FF3F8BB0071111D /* minusRotate2.png */ = {isa = PBXFileReference; lastKnownFileType = image.png; name = minusRotate2.png; path = ../../../Documents/minusRotate2.png; sourceTree = "<group>"; };
		018F4ABD209BCD2100995E37 /* connection.png */ = {isa = PBXFileReference; lastKnownFileType = image.png; name = connection.png; path = ../../../Documents/connection.png; sourceTree = "<group>"; };
		01972FD22097974A00AF2899 /* Starry-Sky-Stars-Space-Wallpaper-1440x2560-768x1365.jpg */ = {isa = PBXFileReference; lastKnownFileType = image.jpeg; name = "Starry-Sky-Stars-Space-Wallpaper-1440x2560-768x1365.jpg"; path = "../../../Downloads/Starry-Sky-Stars-Space-Wallpaper-1440x2560-768x1365.jpg"; sourceTree = "<group>"; };
		01972FD42099F4B400AF2899 /* Ixion.png */ = {isa = PBXFileReference; lastKnownFileType = image.png; name = Ixion.png; path = ../../../Documents/Ixion.png; sourceTree = "<group>"; };
		01972FD52099F4B400AF2899 /* Pylenor.png */ = {isa = PBXFileReference; lastKnownFileType = image.png; name = Pylenor.png; path = ../../../Documents/Pylenor.png; sourceTree = "<group>"; };
		019E7E1D2001347D00ED3F77 /* icon (1) */ = {isa = PBXFileReference; lastKnownFileType = folder; name = "icon (1)"; path = "../../../Downloads/icon (1)"; sourceTree = "<group>"; };
		019E7E1F2003D96100ED3F77 /* circleBig.png */ = {isa = PBXFileReference; lastKnownFileType = image.png; name = circleBig.png; path = ../../../Documents/circleBig.png; sourceTree = "<group>"; };
		019E7E212003DCDF00ED3F77 /* circleSmall1.png */ = {isa = PBXFileReference; lastKnownFileType = image.png; name = circleSmall1.png; path = ../../../Documents/circleSmall1.png; sourceTree = "<group>"; };
		019E7E232003E24E00ED3F77 /* arrowUp.png */ = {isa = PBXFileReference; lastKnownFileType = image.png; name = arrowUp.png; path = ../../../Documents/arrowUp.png; sourceTree = "<group>"; };
		019E7E242003E25000ED3F77 /* arrowDown.png */ = {isa = PBXFileReference; lastKnownFileType = image.png; name = arrowDown.png; path = ../../../Documents/arrowDown.png; sourceTree = "<group>"; };
		019E7E272003EBD300ED3F77 /* words.png */ = {isa = PBXFileReference; lastKnownFileType = image.png; name = words.png; path = ../../../Documents/words.png; sourceTree = "<group>"; };
		01B26F57200536A80076683F /* gearIcon.png */ = {isa = PBXFileReference; lastKnownFileType = image.png; name = gearIcon.png; path = ../../../Documents/gearIcon.png; sourceTree = "<group>"; };
		01B8EFE92028E9C30019F18D /* iChingDataModel.swift */ = {isa = PBXFileReference; lastKnownFileType = sourcecode.swift; path = iChingDataModel.swift; sourceTree = "<group>"; };
		01BCA6B6201A6257003E7EBA /* set7.png */ = {isa = PBXFileReference; lastKnownFileType = image.png; name = set7.png; path = ../../../Documents/set7.png; sourceTree = "<group>"; };
		01BCA6B7201A6258003E7EBA /* set4.png */ = {isa = PBXFileReference; lastKnownFileType = image.png; name = set4.png; path = ../../../Documents/set4.png; sourceTree = "<group>"; };
		01BCA6B8201A625D003E7EBA /* set2.png */ = {isa = PBXFileReference; lastKnownFileType = image.png; name = set2.png; path = ../../../Documents/set2.png; sourceTree = "<group>"; };
		01BCA6B9201A6261003E7EBA /* set9.png */ = {isa = PBXFileReference; lastKnownFileType = image.png; name = set9.png; path = ../../../Documents/set9.png; sourceTree = "<group>"; };
		01BCA6BA201A6264003E7EBA /* set12.png */ = {isa = PBXFileReference; lastKnownFileType = image.png; name = set12.png; path = ../../../Documents/set12.png; sourceTree = "<group>"; };
		01BCA6BB201A6269003E7EBA /* set10.png */ = {isa = PBXFileReference; lastKnownFileType = image.png; name = set10.png; path = ../../../Documents/set10.png; sourceTree = "<group>"; };
		01BCA6BC201A626D003E7EBA /* set1.png */ = {isa = PBXFileReference; lastKnownFileType = image.png; name = set1.png; path = ../../../Documents/set1.png; sourceTree = "<group>"; };
		01BCA6BD201A626F003E7EBA /* set6.png */ = {isa = PBXFileReference; lastKnownFileType = image.png; name = set6.png; path = ../../../Documents/set6.png; sourceTree = "<group>"; };
		01BCA6BE201A6273003E7EBA /* set8.png */ = {isa = PBXFileReference; lastKnownFileType = image.png; name = set8.png; path = ../../../Documents/set8.png; sourceTree = "<group>"; };
		01BCA6BF201A6278003E7EBA /* set5.png */ = {isa = PBXFileReference; lastKnownFileType = image.png; name = set5.png; path = ../../../Documents/set5.png; sourceTree = "<group>"; };
		01BCA6C0201A627C003E7EBA /* set11.png */ = {isa = PBXFileReference; lastKnownFileType = image.png; name = set11.png; path = ../../../Documents/set11.png; sourceTree = "<group>"; };
		01BCA6C1201A627D003E7EBA /* set3.png */ = {isa = PBXFileReference; lastKnownFileType = image.png; name = set3.png; path = ../../../Documents/set3.png; sourceTree = "<group>"; };
		01F1BAF820292F8600AB2B30 /* yin.png */ = {isa = PBXFileReference; lastKnownFileType = image.png; name = yin.png; path = ../../../Documents/yin.png; sourceTree = "<group>"; };
		01F222141FF442B5006016ED /* webViewController.swift */ = {isa = PBXFileReference; lastKnownFileType = sourcecode.swift; path = webViewController.swift; sourceTree = "<group>"; };
/* End PBXFileReference section */

/* Begin PBXFrameworksBuildPhase section */
		01304E0B1FEAD70E000F24E9 /* Frameworks */ = {
			isa = PBXFrameworksBuildPhase;
			buildActionMask = 2147483647;
			files = (
			);
			runOnlyForDeploymentPostprocessing = 0;
		};
/* End PBXFrameworksBuildPhase section */

/* Begin PBXGroup section */
		01304E051FEAD70E000F24E9 = {
			isa = PBXGroup;
			children = (
				011BDBCA2017CDE700D18898 /* adjusterBack.png */,
				01274D82200E58A9007D2DD2 /* ringBackdrop.png */,
				0114361E200ADDD700B75813 /* 16535326177271407165.svg */,
				018112801FF035C00071111D /* NCustomLabel.swift */,
				01304E101FEAD70E000F24E9 /* ImageApp */,
				01304E0F1FEAD70E000F24E9 /* Products */,
				CF6FE062809F9BF19F343B7D /* Frameworks */,
			);
			sourceTree = "<group>";
		};
		01304E0F1FEAD70E000F24E9 /* Products */ = {
			isa = PBXGroup;
			children = (
				01304E0E1FEAD70E000F24E9 /* MindPlotter.app */,
			);
			name = Products;
			sourceTree = "<group>";
		};
		01304E101FEAD70E000F24E9 /* ImageApp */ = {
			isa = PBXGroup;
			children = (
				011A277A2119E50900387E04 /* Tekton.png */,
				012773A120B473D500AF3BCE /* Quaoar.png */,
				011753D520B06C3800CAA2C2 /* Haumea.png */,
				0129EC5820A4AF67001B655A /* Nefertiti.png */,
				0129EC5720A4AF62001B655A /* Nemesis.png */,
				018F4ABD209BCD2100995E37 /* connection.png */,
				01972FD42099F4B400AF2899 /* Ixion.png */,
				01972FD52099F4B400AF2899 /* Pylenor.png */,
				01972FD22097974A00AF2899 /* Starry-Sky-Stars-Space-Wallpaper-1440x2560-768x1365.jpg */,
				0112FE85209631FC0069124D /* Anubis.png */,
				0112FE84209631F70069124D /* GA.png */,
				0112FE83209631F00069124D /* GC.png */,
				0112FE86209631FC0069124D /* Hebe.png */,
				0112FE87209632000069124D /* Orcus.png */,
				0112FE82209631EA0069124D /* Pallas.png */,
				0112FE88209632030069124D /* SGC.png */,
				016A606620421D8100478BEB /* Image.png */,
				01F1BAF820292F8600AB2B30 /* yin.png */,
				01128CB9201E364100A79AF7 /* yang.png */,
				01BCA6BC201A626D003E7EBA /* set1.png */,
				01BCA6B8201A625D003E7EBA /* set2.png */,
				01BCA6C1201A627D003E7EBA /* set3.png */,
				01BCA6B7201A6258003E7EBA /* set4.png */,
				01BCA6BF201A6278003E7EBA /* set5.png */,
				01BCA6BD201A626F003E7EBA /* set6.png */,
				01BCA6B6201A6257003E7EBA /* set7.png */,
				01BCA6BE201A6273003E7EBA /* set8.png */,
				01BCA6B9201A6261003E7EBA /* set9.png */,
				01BCA6BB201A6269003E7EBA /* set10.png */,
				01BCA6C0201A627C003E7EBA /* set11.png */,
				01BCA6BA201A6264003E7EBA /* set12.png */,
				011BDBCE2018F36600D18898 /* off6.png */,
				01274D85200EACB5007D2DD2 /* bkg1.png */,
				011BDBCC2017DB7800D18898 /* off12.png */,
				01274D88200EACC6007D2DD2 /* bkg2.png */,
				01274D86200EACB7007D2DD2 /* bkg3.png */,
				01274D87200EACB8007D2DD2 /* bkg4.png */,
				01274D84200EACB4007D2DD2 /* bkg5.png */,
				016F38BA200D8B44003EC6B1 /* black_circle_u25CF_icon_256x256.png */,
				0114362E200D3C5200B75813 /* Cupido.png */,
				0114362F200D3C5D00B75813 /* Valentine.png */,
				01143634200D609D00B75813 /* Hekate.png */,
				01143635200D60A900B75813 /* Heracles.png */,
				01143632200D608E00B75813 /* Juno.png */,
				01143633200D609300B75813 /* Kaali.png */,
				0114362A200D380600B75813 /* Amor.png */,
				0114362B200D380A00B75813 /* Fortunae.png */,
				01143626200D32D800B75813 /* North Node.png */,
				01143627200D32DD00B75813 /* South Node.png */,
				01143624200D2BAD00B75813 /* Eris.png */,
				01143622200BD2CA00B75813 /* Websites */,
				01143620200ADE7A00B75813 /* 187609.jpg */,
				0114360F200ACE4600B75813 /* dragonsTail1.png */,
				01143606200ACDFF00B75813 /* dragonsTail2.png */,
				0114360C200ACE2900B75813 /* dragonsTail3.png */,
				01143610200ACE4A00B75813 /* dragonsTail4.png */,
				01143609200ACE1100B75813 /* dragonsTail5.png */,
				0114360E200ACE3A00B75813 /* dragonsTail6.png */,
				01143607200ACE0100B75813 /* dragonsTail7.png */,
				0114360A200ACE1500B75813 /* dragonsTail8.png */,
				0114360D200ACE3500B75813 /* dragonsTail9.png */,
				01143611200ACE4C00B75813 /* dragonsTail10.png */,
				01143608200ACE0C00B75813 /* dragonsTail11.png */,
				0114360B200ACE2300B75813 /* dragonsTail12.png */,
				0116F6F02009440600F76E0F /* ring6gauge1.png */,
				0116F6ED200943FE00F76E0F /* ring6gauge2.png */,
				0116F6EE2009440200F76E0F /* ring6gauge3.png */,
				0116F6EC200943FE00F76E0F /* ring6gauge4.png */,
				0116F6EF2009440300F76E0F /* ring6gauge5.png */,
				0116F6F12009440700F76E0F /* ring6gauge6.png */,
				0116F6DA20093A7900F76E0F /* ring12gauge3.png */,
				0116F6E120093A8B00F76E0F /* ring12gauge4.png */,
				0116F6DD20093A8500F76E0F /* ring12gauge5.png */,
				0116F6DB20093A7D00F76E0F /* ring12gauge6.png */,
				0116F6D820093A7600F76E0F /* ring12gauge7.png */,
				0116F6E020093A8800F76E0F /* ring12gauge8.png */,
				0116F6DF20093A8800F76E0F /* ring12gauge9.png */,
				0116F6DC20093A8100F76E0F /* ring12gauge10.png */,
				0116F6DE20093A8500F76E0F /* ring12gauge11.png */,
				0116F6D920093A7700F76E0F /* ring12gauge12.png */,
				0116F6D520092E2600F76E0F /* ring12gauge1.png */,
				0116F6D420092E2500F76E0F /* ring12gauge2.png */,
				0116F6C82008146400F76E0F /* dragonHead1.png */,
				0116F6C02008143000F76E0F /* dragonHead2.png */,
				0116F6BE2008140800F76E0F /* dragonHead3.png */,
				0116F6C22008143200F76E0F /* dragonHead4.png */,
				0116F6C12008143100F76E0F /* dragonHead5.png */,
				0116F6C32008143500F76E0F /* dragonHead6.png */,
				0116F6C72008146200F76E0F /* dragonHead7.png */,
				0116F6BF2008140800F76E0F /* dragonHead8.png */,
				0116F6C42008143700F76E0F /* dragonHead9.png */,
				0116F6C62008145F00F76E0F /* dragonHead11.png */,
				0116F6C52008145C00F76E0F /* dragonHead12.png */,
				01B26F57200536A80076683F /* gearIcon.png */,
				019E7E272003EBD300ED3F77 /* words.png */,
				019E7E242003E25000ED3F77 /* arrowDown.png */,
				019E7E232003E24E00ED3F77 /* arrowUp.png */,
				019E7E212003DCDF00ED3F77 /* circleSmall1.png */,
				019E7E1F2003D96100ED3F77 /* circleBig.png */,
				019E7E1D2001347D00ED3F77 /* icon (1) */,
				011669351FFE9D4600AD8E42 /* exitIcon.png */,
				011669331FFE930700AD8E42 /* keyboard.png */,
				010D22471FF6C3F400BA86BF /* draconic0.png */,
				010D22481FF6C3F500BA86BF /* draconic1.png */,
				010D22491FF6C3F800BA86BF /* draconic2.png */,
				010D224A1FF6C3FB00BA86BF /* draconic3.png */,
				018112891FF3F8BB0071111D /* minusRotate2.png */,
				018112881FF3F8BA0071111D /* plusRotate2.png */,
				018112821FF17A820071111D /* gradient.png */,
				0181127D1FF033D00071111D /* Eros.png */,
				0181127C1FF033D00071111D /* Mercury.png */,
				0181126C1FF01F970071111D /* Nessus.png */,
				018112691FF01F960071111D /* Nibiru.png */,
				018112621FF01F940071111D /* NN.png */,
				018112661FF01F950071111D /* Pluto.png */,
				018112671FF01F950071111D /* Psyche.png */,
				018112651FF01F950071111D /* Saturn.png */,
				0181126D1FF01F970071111D /* Sedna.png */,
				0181126B1FF01F970071111D /* SN.png */,
				018112681FF01F960071111D /* Sun.png */,
				0181126E1FF01F980071111D /* Uranus.png */,
				018112631FF01F940071111D /* Venus.png */,
				018112591FF0186E0071111D /* Dejanira.png */,
				0181125B1FF0186E0071111D /* Jupiter.png */,
				0181125C1FF0186F0071111D /* Lilith.png */,
				018112581FF0186D0071111D /* Mars.png */,
				0181125A1FF0186E0071111D /* Neptune.png */,
				018112561FF010A40071111D /* Chiron.png */,
				018112541FEF76300071111D /* cosmos.jpeg */,
				011D7C071FEF0588001E3417 /* Empty.png */,
				011D7C001FEEFF9C001E3417 /* DignifiedDetriment.png */,
				011D7BFD1FEEFF95001E3417 /* DignifiedDomicile.png */,
				011D7BFE1FEEFF97001E3417 /* DignifiedEmpty.png */,
				011D7BFF1FEEFF99001E3417 /* DignifiedExalted.png */,
				011D7C011FEEFF9E001E3417 /* DignifiedFall.png */,
				011D7BF71FEC6444001E3417 /* dragonHead10.png */,
				011D7BF81FEC6447001E3417 /* dragonUpperBody10.png */,
				011D7BF41FEB59C9001E3417 /* cp1.png */,
				011D7BF11FEB56BC001E3417 /* ZMNumbers.png */,
				011D7BEB1FEB494B001E3417 /* DignifiedGreen.png */,
				011D7BEC1FEB494B001E3417 /* Moon.png */,
				01304E2B1FEB0C38000F24E9 /* ZodiacMandala.png */,
				01304E271FEAFAA3000F24E9 /* 7916342_orig.jpg */,
				01304E231FEAD76B000F24E9 /* Untitled.png */,
				01304E111FEAD70E000F24E9 /* AppDelegate.swift */,
				01304E131FEAD70E000F24E9 /* ViewController.swift */,
				01B8EFE92028E9C30019F18D /* iChingDataModel.swift */,
				01F222141FF442B5006016ED /* webViewController.swift */,
				01304E151FEAD70E000F24E9 /* Main.storyboard */,
				01304E251FEAEC9D000F24E9 /* DataModel.swift */,
				011D7BFB1FEEA0FF001E3417 /* CelestialBodyData.swift */,
				01304E181FEAD70E000F24E9 /* Assets.xcassets */,
				01304E1A1FEAD70E000F24E9 /* LaunchScreen.storyboard */,
				01304E1D1FEAD70E000F24E9 /* Info.plist */,
			);
			path = ImageApp;
			sourceTree = "<group>";
		};
		CF6FE062809F9BF19F343B7D /* Frameworks */ = {
			isa = PBXGroup;
			children = (
			);
			name = Frameworks;
			sourceTree = "<group>";
		};
/* End PBXGroup section */

/* Begin PBXNativeTarget section */
		01304E0D1FEAD70E000F24E9 /* MindPlotter */ = {
			isa = PBXNativeTarget;
			buildConfigurationList = 01304E201FEAD70E000F24E9 /* Build configuration list for PBXNativeTarget "MindPlotter" */;
			buildPhases = (
				01304E0A1FEAD70E000F24E9 /* Sources */,
				01304E0B1FEAD70E000F24E9 /* Frameworks */,
				01304E0C1FEAD70E000F24E9 /* Resources */,
			);
			buildRules = (
			);
			dependencies = (
			);
			name = MindPlotter;
			productName = ImageApp;
			productReference = 01304E0E1FEAD70E000F24E9 /* MindPlotter.app */;
			productType = "com.apple.product-type.application";
		};
/* End PBXNativeTarget section */

/* Begin PBXProject section */
		01304E061FEAD70E000F24E9 /* Project object */ = {
			isa = PBXProject;
			attributes = {
				LastSwiftUpdateCheck = 0920;
				LastUpgradeCheck = 0930;
				ORGANIZATIONNAME = Nick;
				TargetAttributes = {
					01304E0D1FEAD70E000F24E9 = {
						CreatedOnToolsVersion = 9.2;
						ProvisioningStyle = Automatic;
					};
				};
			};
			buildConfigurationList = 01304E091FEAD70E000F24E9 /* Build configuration list for PBXProject "MindPlotter" */;
			compatibilityVersion = "Xcode 8.0";
			developmentRegion = en;
			hasScannedForEncodings = 0;
			knownRegions = (
				en,
				Base,
			);
			mainGroup = 01304E051FEAD70E000F24E9;
			productRefGroup = 01304E0F1FEAD70E000F24E9 /* Products */;
			projectDirPath = "";
			projectRoot = "";
			targets = (
				01304E0D1FEAD70E000F24E9 /* MindPlotter */,
			);
		};
/* End PBXProject section */

/* Begin PBXResourcesBuildPhase section */
		01304E0C1FEAD70E000F24E9 /* Resources */ = {
			isa = PBXResourcesBuildPhase;
			buildActionMask = 2147483647;
			files = (
				018112551FEF76300071111D /* cosmos.jpeg in Resources */,
				01304E2C1FEB0C38000F24E9 /* ZodiacMandala.png in Resources */,
				0181128B1FF3F8D10071111D /* minusRotate2.png in Resources */,
				0129EC5A20A4AF6B001B655A /* Nefertiti.png in Resources */,
				01143639200D60B800B75813 /* Heracles.png in Resources */,
				01143638200D60B800B75813 /* Hekate.png in Resources */,
				01143617200ACE4D00B75813 /* dragonsTail12.png in Resources */,
				01143618200ACE4D00B75813 /* dragonsTail3.png in Resources */,
				012773A220B473D600AF3BCE /* Quaoar.png in Resources */,
				01BCA6C6201A627E003E7EBA /* set12.png in Resources */,
				0116F6D620092E2A00F76E0F /* ring12gauge2.png in Resources */,
				018112701FF01F980071111D /* Venus.png in Resources */,
				011D7BF91FEC644A001E3417 /* dragonHead10.png in Resources */,
				0181125E1FF0186F0071111D /* Dejanira.png in Resources */,
				018112611FF0186F0071111D /* Lilith.png in Resources */,
				018112761FF01F980071111D /* Nibiru.png in Resources */,
				010D224C1FF6C3FC00BA86BF /* draconic1.png in Resources */,
				0114362C200D381700B75813 /* Amor.png in Resources */,
				0116F6E520093A8F00F76E0F /* ring12gauge6.png in Resources */,
				016A606720421D8300478BEB /* Image.png in Resources */,
				01304E241FEAD76B000F24E9 /* Untitled.png in Resources */,
				011669341FFE930900AD8E42 /* keyboard.png in Resources */,
				011A277B2119E50A00387E04 /* Tekton.png in Resources */,
				01143621200ADE7E00B75813 /* 187609.jpg in Resources */,
				0116F6F72009440A00F76E0F /* ring6gauge6.png in Resources */,
				019E7E252003E25300ED3F77 /* arrowUp.png in Resources */,
				0116F6F62009440A00F76E0F /* ring6gauge1.png in Resources */,
				0112FE8E209632040069124D /* Orcus.png in Resources */,
				011D7C081FEF058A001E3417 /* Empty.png in Resources */,
				01143637200D60B800B75813 /* Kaali.png in Resources */,
				0116F6F52009440A00F76E0F /* ring6gauge5.png in Resources */,
				019E7E282003EBD700ED3F77 /* words.png in Resources */,
				0116F6CC2008146700F76E0F /* dragonHead5.png in Resources */,
				018112781FF01F980071111D /* SN.png in Resources */,
				01274D8A200EACCD007D2DD2 /* bkg1.png in Resources */,
				0116F6CA2008146700F76E0F /* dragonHead8.png in Resources */,
				01BCA6C9201A627E003E7EBA /* set6.png in Resources */,
				0116F6E220093A8F00F76E0F /* ring12gauge7.png in Resources */,
				0116F6E720093A8F00F76E0F /* ring12gauge5.png in Resources */,
				01143625200D2BB300B75813 /* Eris.png in Resources */,
				018112831FF17A830071111D /* gradient.png in Resources */,
				0129EC5920A4AF6B001B655A /* Nemesis.png in Resources */,
				011BDBCF2018F36900D18898 /* off6.png in Resources */,
				01972FD72099F4B500AF2899 /* Pylenor.png in Resources */,
				01143612200ACE4D00B75813 /* dragonsTail2.png in Resources */,
				0116F6D32008146700F76E0F /* dragonHead1.png in Resources */,
				01BCA6C8201A627E003E7EBA /* set1.png in Resources */,
				0181127F1FF033D00071111D /* Eros.png in Resources */,
				01274D8D200EACCD007D2DD2 /* bkg2.png in Resources */,
				01304E281FEAFAA3000F24E9 /* 7916342_orig.jpg in Resources */,
				011D7BF21FEB56BD001E3417 /* ZMNumbers.png in Resources */,
				0116F6F32009440A00F76E0F /* ring6gauge2.png in Resources */,
				0181127B1FF01F980071111D /* Uranus.png in Resources */,
				01304E1C1FEAD70E000F24E9 /* LaunchScreen.storyboard in Resources */,
				0116F6D12008146700F76E0F /* dragonHead11.png in Resources */,
				0114361D200ACE4D00B75813 /* dragonsTail10.png in Resources */,
				0114361F200ADDD800B75813 /* 16535326177271407165.svg in Resources */,
				01BCA6C7201A627E003E7EBA /* set10.png in Resources */,
				011BDBCD2017DB7900D18898 /* off12.png in Resources */,
				019E7E222003DCE100ED3F77 /* circleSmall1.png in Resources */,
				019E7E1E2001347F00ED3F77 /* icon (1) in Resources */,
				0116F6EA20093A8F00F76E0F /* ring12gauge8.png in Resources */,
				01143615200ACE4D00B75813 /* dragonsTail5.png in Resources */,
				018112741FF01F980071111D /* Psyche.png in Resources */,
				01274D8B200EACCD007D2DD2 /* bkg3.png in Resources */,
				0112FE8F209632040069124D /* SGC.png in Resources */,
				01274D83200E58AA007D2DD2 /* ringBackdrop.png in Resources */,
				0116F6E420093A8F00F76E0F /* ring12gauge3.png in Resources */,
				0181127A1FF01F980071111D /* Sedna.png in Resources */,
				0116F6F42009440A00F76E0F /* ring6gauge3.png in Resources */,
				018112721FF01F980071111D /* Saturn.png in Resources */,
				018112571FF010A40071111D /* Chiron.png in Resources */,
				0116F6D720092E2A00F76E0F /* ring12gauge1.png in Resources */,
				0116F6EB20093A8F00F76E0F /* ring12gauge4.png in Resources */,
				01BCA6CC201A627E003E7EBA /* set11.png in Resources */,
				01BCA6C5201A627E003E7EBA /* set9.png in Resources */,
				0112FE89209632040069124D /* Pallas.png in Resources */,
				0116F6CF2008146700F76E0F /* dragonHead9.png in Resources */,
				0114361A200ACE4D00B75813 /* dragonsTail6.png in Resources */,
				0181125D1FF0186F0071111D /* Mars.png in Resources */,
				01143623200BD2CB00B75813 /* Websites in Resources */,
				018112791FF01F980071111D /* Nessus.png in Resources */,
				011D7C021FEEFFA0001E3417 /* DignifiedDomicile.png in Resources */,
				0116F6CD2008146700F76E0F /* dragonHead4.png in Resources */,
				01143619200ACE4D00B75813 /* dragonsTail9.png in Resources */,
				018F4ABE209BCD2900995E37 /* connection.png in Resources */,
				0116F6E620093A8F00F76E0F /* ring12gauge10.png in Resources */,
				0116F6F22009440A00F76E0F /* ring6gauge4.png in Resources */,
				0181128A1FF3F8D10071111D /* plusRotate2.png in Resources */,
				01F1BAF920292F8700AB2B30 /* yin.png in Resources */,
				01143631200D3C6600B75813 /* Valentine.png in Resources */,
				0116F6E820093A8F00F76E0F /* ring12gauge11.png in Resources */,
				01143630200D3C6600B75813 /* Cupido.png in Resources */,
				0116F6E920093A8F00F76E0F /* ring12gauge9.png in Resources */,
				01B26F58200536A90076683F /* gearIcon.png in Resources */,
				018112751FF01F980071111D /* Sun.png in Resources */,
				01274D8C200EACCD007D2DD2 /* bkg4.png in Resources */,
				0112FE8B209632040069124D /* GA.png in Resources */,
				0116F6D22008146700F76E0F /* dragonHead7.png in Resources */,
				01128CBB201E364500A79AF7 /* yang.png in Resources */,
				0112FE8A209632040069124D /* GC.png in Resources */,
				01BCA6CB201A627E003E7EBA /* set5.png in Resources */,
				01143616200ACE4D00B75813 /* dragonsTail8.png in Resources */,
				010D224E1FF6C3FC00BA86BF /* draconic3.png in Resources */,
				01143636200D60B800B75813 /* Juno.png in Resources */,
				011669361FFE9D4700AD8E42 /* exitIcon.png in Resources */,
				0181126F1FF01F980071111D /* NN.png in Resources */,
				01BCA6C2201A627E003E7EBA /* set7.png in Resources */,
				016F38BB200D8B45003EC6B1 /* black_circle_u25CF_icon_256x256.png in Resources */,
				0181127E1FF033D00071111D /* Mercury.png in Resources */,
				0114362D200D381700B75813 /* Fortunae.png in Resources */,
				0116F6CB2008146700F76E0F /* dragonHead2.png in Resources */,
				01274D89200EACCD007D2DD2 /* bkg5.png in Resources */,
				01143628200D32EC00B75813 /* North Node.png in Resources */,
				011D7BEE1FEB494C001E3417 /* Moon.png in Resources */,
				0114361B200ACE4D00B75813 /* dragonsTail1.png in Resources */,
				011D7C051FEEFFA0001E3417 /* DignifiedDetriment.png in Resources */,
				01143629200D32ED00B75813 /* South Node.png in Resources */,
				01304E191FEAD70E000F24E9 /* Assets.xcassets in Resources */,
				01BCA6CD201A627E003E7EBA /* set3.png in Resources */,
				011753D620B06C3A00CAA2C2 /* Haumea.png in Resources */,
				01304E171FEAD70E000F24E9 /* Main.storyboard in Resources */,
				01BCA6C3201A627E003E7EBA /* set4.png in Resources */,
				011D7BF61FEB59C9001E3417 /* cp1.png in Resources */,
				01972FD32097974B00AF2899 /* Starry-Sky-Stars-Space-Wallpaper-1440x2560-768x1365.jpg in Resources */,
				010D224B1FF6C3FC00BA86BF /* draconic0.png in Resources */,
				01143613200ACE4D00B75813 /* dragonsTail7.png in Resources */,
				018112601FF0186F0071111D /* Jupiter.png in Resources */,
				011D7C031FEEFFA0001E3417 /* DignifiedEmpty.png in Resources */,
				011D7C061FEEFFA0001E3417 /* DignifiedFall.png in Resources */,
				0116F6D02008146700F76E0F /* dragonHead12.png in Resources */,
				018112731FF01F980071111D /* Pluto.png in Resources */,
				0181125F1FF0186F0071111D /* Neptune.png in Resources */,
				011D7BFA1FEC644A001E3417 /* dragonUpperBody10.png in Resources */,
				0116F6CE2008146700F76E0F /* dragonHead6.png in Resources */,
				0112FE8C209632040069124D /* Anubis.png in Resources */,
				0116F6E320093A8F00F76E0F /* ring12gauge12.png in Resources */,
				010D224D1FF6C3FC00BA86BF /* draconic2.png in Resources */,
				01143614200ACE4D00B75813 /* dragonsTail11.png in Resources */,
				0112FE8D209632040069124D /* Hebe.png in Resources */,
				011D7BED1FEB494C001E3417 /* DignifiedGreen.png in Resources */,
				01BCA6C4201A627E003E7EBA /* set2.png in Resources */,
				0116F6C92008146700F76E0F /* dragonHead3.png in Resources */,
				011BDBCB2017CDEA00D18898 /* adjusterBack.png in Resources */,
				019E7E202003D96400ED3F77 /* circleBig.png in Resources */,
				011D7C041FEEFFA0001E3417 /* DignifiedExalted.png in Resources */,
				01972FD62099F4B500AF2899 /* Ixion.png in Resources */,
				019E7E262003E25300ED3F77 /* arrowDown.png in Resources */,
				0114361C200ACE4D00B75813 /* dragonsTail4.png in Resources */,
				01BCA6CA201A627E003E7EBA /* set8.png in Resources */,
			);
			runOnlyForDeploymentPostprocessing = 0;
		};
/* End PBXResourcesBuildPhase section */

/* Begin PBXSourcesBuildPhase section */
		01304E0A1FEAD70E000F24E9 /* Sources */ = {
			isa = PBXSourcesBuildPhase;
			buildActionMask = 2147483647;
			files = (
				011D7BFC1FEEA101001E3417 /* CelestialBodyData.swift in Sources */,
				01304E141FEAD70E000F24E9 /* ViewController.swift in Sources */,
				018112811FF035C00071111D /* NCustomLabel.swift in Sources */,
				01304E121FEAD70E000F24E9 /* AppDelegate.swift in Sources */,
				01304E261FEAEC9D000F24E9 /* DataModel.swift in Sources */,
				01F222151FF442B5006016ED /* webViewController.swift in Sources */,
				01B8EFEA2028E9C30019F18D /* iChingDataModel.swift in Sources */,
			);
			runOnlyForDeploymentPostprocessing = 0;
		};
/* End PBXSourcesBuildPhase section */

/* Begin PBXVariantGroup section */
		01304E151FEAD70E000F24E9 /* Main.storyboard */ = {
			isa = PBXVariantGroup;
			children = (
				01304E161FEAD70E000F24E9 /* Base */,
			);
			name = Main.storyboard;
			sourceTree = "<group>";
		};
		01304E1A1FEAD70E000F24E9 /* LaunchScreen.storyboard */ = {
			isa = PBXVariantGroup;
			children = (
				01304E1B1FEAD70E000F24E9 /* Base */,
			);
			name = LaunchScreen.storyboard;
			sourceTree = "<group>";
		};
/* End PBXVariantGroup section */

/* Begin XCBuildConfiguration section */
		01304E1E1FEAD70E000F24E9 /* Debug */ = {
			isa = XCBuildConfiguration;
			buildSettings = {
				ALWAYS_SEARCH_USER_PATHS = NO;
				CLANG_ANALYZER_NONNULL = YES;
				CLANG_ANALYZER_NUMBER_OBJECT_CONVERSION = YES_AGGRESSIVE;
				CLANG_CXX_LANGUAGE_STANDARD = "gnu++14";
				CLANG_CXX_LIBRARY = "libc++";
				CLANG_ENABLE_MODULES = YES;
				CLANG_ENABLE_OBJC_ARC = YES;
				CLANG_WARN_BLOCK_CAPTURE_AUTORELEASING = YES;
				CLANG_WARN_BOOL_CONVERSION = YES;
				CLANG_WARN_COMMA = YES;
				CLANG_WARN_CONSTANT_CONVERSION = YES;
				CLANG_WARN_DEPRECATED_OBJC_IMPLEMENTATIONS = YES;
				CLANG_WARN_DIRECT_OBJC_ISA_USAGE = YES_ERROR;
				CLANG_WARN_DOCUMENTATION_COMMENTS = YES;
				CLANG_WARN_EMPTY_BODY = YES;
				CLANG_WARN_ENUM_CONVERSION = YES;
				CLANG_WARN_INFINITE_RECURSION = YES;
				CLANG_WARN_INT_CONVERSION = YES;
				CLANG_WARN_NON_LITERAL_NULL_CONVERSION = YES;
				CLANG_WARN_OBJC_IMPLICIT_RETAIN_SELF = YES;
				CLANG_WARN_OBJC_LITERAL_CONVERSION = YES;
				CLANG_WARN_OBJC_ROOT_CLASS = YES_ERROR;
				CLANG_WARN_RANGE_LOOP_ANALYSIS = YES;
				CLANG_WARN_STRICT_PROTOTYPES = YES;
				CLANG_WARN_SUSPICIOUS_MOVE = YES;
				CLANG_WARN_UNGUARDED_AVAILABILITY = YES_AGGRESSIVE;
				CLANG_WARN_UNREACHABLE_CODE = YES;
				CLANG_WARN__DUPLICATE_METHOD_MATCH = YES;
				CODE_SIGN_IDENTITY = "iPhone Developer";
				COPY_PHASE_STRIP = NO;
				DEBUG_INFORMATION_FORMAT = dwarf;
				ENABLE_STRICT_OBJC_MSGSEND = YES;
				ENABLE_TESTABILITY = YES;
				GCC_C_LANGUAGE_STANDARD = gnu11;
				GCC_DYNAMIC_NO_PIC = NO;
				GCC_NO_COMMON_BLOCKS = YES;
				GCC_OPTIMIZATION_LEVEL = 0;
				GCC_PREPROCESSOR_DEFINITIONS = (
					"DEBUG=1",
					"$(inherited)",
				);
				GCC_WARN_64_TO_32_BIT_CONVERSION = YES;
				GCC_WARN_ABOUT_RETURN_TYPE = YES_ERROR;
				GCC_WARN_UNDECLARED_SELECTOR = YES;
				GCC_WARN_UNINITIALIZED_AUTOS = YES_AGGRESSIVE;
				GCC_WARN_UNUSED_FUNCTION = YES;
				GCC_WARN_UNUSED_VARIABLE = YES;
				IPHONEOS_DEPLOYMENT_TARGET = 11.2;
				MTL_ENABLE_DEBUG_INFO = YES;
				ONLY_ACTIVE_ARCH = YES;
				SDKROOT = iphoneos;
				SWIFT_ACTIVE_COMPILATION_CONDITIONS = DEBUG;
				SWIFT_OPTIMIZATION_LEVEL = "-Onone";
			};
			name = Debug;
		};
		01304E1F1FEAD70E000F24E9 /* Release */ = {
			isa = XCBuildConfiguration;
			buildSettings = {
				ALWAYS_SEARCH_USER_PATHS = NO;
				CLANG_ANALYZER_NONNULL = YES;
				CLANG_ANALYZER_NUMBER_OBJECT_CONVERSION = YES_AGGRESSIVE;
				CLANG_CXX_LANGUAGE_STANDARD = "gnu++14";
				CLANG_CXX_LIBRARY = "libc++";
				CLANG_ENABLE_MODULES = YES;
				CLANG_ENABLE_OBJC_ARC = YES;
				CLANG_WARN_BLOCK_CAPTURE_AUTORELEASING = YES;
				CLANG_WARN_BOOL_CONVERSION = YES;
				CLANG_WARN_COMMA = YES;
				CLANG_WARN_CONSTANT_CONVERSION = YES;
				CLANG_WARN_DEPRECATED_OBJC_IMPLEMENTATIONS = YES;
				CLANG_WARN_DIRECT_OBJC_ISA_USAGE = YES_ERROR;
				CLANG_WARN_DOCUMENTATION_COMMENTS = YES;
				CLANG_WARN_EMPTY_BODY = YES;
				CLANG_WARN_ENUM_CONVERSION = YES;
				CLANG_WARN_INFINITE_RECURSION = YES;
				CLANG_WARN_INT_CONVERSION = YES;
				CLANG_WARN_NON_LITERAL_NULL_CONVERSION = YES;
				CLANG_WARN_OBJC_IMPLICIT_RETAIN_SELF = YES;
				CLANG_WARN_OBJC_LITERAL_CONVERSION = YES;
				CLANG_WARN_OBJC_ROOT_CLASS = YES_ERROR;
				CLANG_WARN_RANGE_LOOP_ANALYSIS = YES;
				CLANG_WARN_STRICT_PROTOTYPES = YES;
				CLANG_WARN_SUSPICIOUS_MOVE = YES;
				CLANG_WARN_UNGUARDED_AVAILABILITY = YES_AGGRESSIVE;
				CLANG_WARN_UNREACHABLE_CODE = YES;
				CLANG_WARN__DUPLICATE_METHOD_MATCH = YES;
				CODE_SIGN_IDENTITY = "iPhone Developer";
				COPY_PHASE_STRIP = NO;
				DEBUG_INFORMATION_FORMAT = "dwarf-with-dsym";
				ENABLE_NS_ASSERTIONS = NO;
				ENABLE_STRICT_OBJC_MSGSEND = YES;
				GCC_C_LANGUAGE_STANDARD = gnu11;
				GCC_NO_COMMON_BLOCKS = YES;
				GCC_WARN_64_TO_32_BIT_CONVERSION = YES;
				GCC_WARN_ABOUT_RETURN_TYPE = YES_ERROR;
				GCC_WARN_UNDECLARED_SELECTOR = YES;
				GCC_WARN_UNINITIALIZED_AUTOS = YES_AGGRESSIVE;
				GCC_WARN_UNUSED_FUNCTION = YES;
				GCC_WARN_UNUSED_VARIABLE = YES;
				IPHONEOS_DEPLOYMENT_TARGET = 11.2;
				MTL_ENABLE_DEBUG_INFO = NO;
				SDKROOT = iphoneos;
				SWIFT_OPTIMIZATION_LEVEL = "-Owholemodule";
				VALIDATE_PRODUCT = YES;
			};
			name = Release;
		};
		01304E211FEAD70E000F24E9 /* Debug */ = {
			isa = XCBuildConfiguration;
			buildSettings = {
				ASSETCATALOG_COMPILER_APPICON_NAME = AppIcon;
				CODE_SIGN_STYLE = Automatic;
				DEVELOPMENT_TEAM = 2F9Y4G5D76;
				INFOPLIST_FILE = ImageApp/Info.plist;
				IPHONEOS_DEPLOYMENT_TARGET = 11.3;
				LD_RUNPATH_SEARCH_PATHS = "$(inherited) @executable_path/Frameworks";
				PRODUCT_BUNDLE_IDENTIFIER = NicVaic.ImageApp;
				PRODUCT_NAME = "$(TARGET_NAME)";
				SWIFT_VERSION = 4.0;
				TARGETED_DEVICE_FAMILY = 1;
			};
			name = Debug;
		};
		01304E221FEAD70E000F24E9 /* Release */ = {
			isa = XCBuildConfiguration;
			buildSettings = {
				ASSETCATALOG_COMPILER_APPICON_NAME = AppIcon;
				CODE_SIGN_STYLE = Automatic;
				DEVELOPMENT_TEAM = 2F9Y4G5D76;
				INFOPLIST_FILE = ImageApp/Info.plist;
				IPHONEOS_DEPLOYMENT_TARGET = 11.3;
				LD_RUNPATH_SEARCH_PATHS = "$(inherited) @executable_path/Frameworks";
				PRODUCT_BUNDLE_IDENTIFIER = NicVaic.ImageApp;
				PRODUCT_NAME = "$(TARGET_NAME)";
				SWIFT_VERSION = 4.0;
				TARGETED_DEVICE_FAMILY = 1;
			};
			name = Release;
		};
/* End XCBuildConfiguration section */

/* Begin XCConfigurationList section */
		01304E091FEAD70E000F24E9 /* Build configuration list for PBXProject "MindPlotter" */ = {
			isa = XCConfigurationList;
			buildConfigurations = (
				01304E1E1FEAD70E000F24E9 /* Debug */,
				01304E1F1FEAD70E000F24E9 /* Release */,
			);
			defaultConfigurationIsVisible = 0;
			defaultConfigurationName = Release;
		};
		01304E201FEAD70E000F24E9 /* Build configuration list for PBXNativeTarget "MindPlotter" */ = {
			isa = XCConfigurationList;
			buildConfigurations = (
				01304E211FEAD70E000F24E9 /* Debug */,
				01304E221FEAD70E000F24E9 /* Release */,
			);
			defaultConfigurationIsVisible = 0;
			defaultConfigurationName = Release;
		};
/* End XCConfigurationList section */
	};
	rootObject = 01304E061FEAD70E000F24E9 /* Project object */;
}
