// !$*UTF8*$!
{
	archiveVersion = 1;
	classes = {
	};
	objectVersion = 48;
	objects = {

/* Begin PBXBuildFile section */
		011D7BED1FEB494C001E3417 /* DignifiedGreen.png in Resources */ = {isa = PBXBuildFile; fileRef = 011D7BEB1FEB494B001E3417 /* DignifiedGreen.png */; };
		011D7BEE1FEB494C001E3417 /* Moon.png in Resources */ = {isa = PBXBuildFile; fileRef = 011D7BEC1FEB494B001E3417 /* Moon.png */; };
		011D7BF21FEB56BD001E3417 /* ZMNumbers.png in Resources */ = {isa = PBXBuildFile; fileRef = 011D7BF11FEB56BC001E3417 /* ZMNumbers.png */; };
		011D7BF61FEB59C9001E3417 /* cp1.png in Resources */ = {isa = PBXBuildFile; fileRef = 011D7BF41FEB59C9001E3417 /* cp1.png */; };
		011D7BF91FEC644A001E3417 /* dragonHead10.png in Resources */ = {isa = PBXBuildFile; fileRef = 011D7BF71FEC6444001E3417 /* dragonHead10.png */; };
		011D7BFA1FEC644A001E3417 /* dragonUpperBody10.png in Resources */ = {isa = PBXBuildFile; fileRef = 011D7BF81FEC6447001E3417 /* dragonUpperBody10.png */; };
		011D7BFC1FEEA101001E3417 /* CelestialBodyData.swift in Sources */ = {isa = PBXBuildFile; fileRef = 011D7BFB1FEEA0FF001E3417 /* CelestialBodyData.swift */; };
		011D7C021FEEFFA0001E3417 /* DignifiedDomicile.png in Resources */ = {isa = PBXBuildFile; fileRef = 011D7BFD1FEEFF95001E3417 /* DignifiedDomicile.png */; };
		011D7C031FEEFFA0001E3417 /* DignifiedEmpty.png in Resources */ = {isa = PBXBuildFile; fileRef = 011D7BFE1FEEFF97001E3417 /* DignifiedEmpty.png */; };
		011D7C041FEEFFA0001E3417 /* DignifiedExalted.png in Resources */ = {isa = PBXBuildFile; fileRef = 011D7BFF1FEEFF99001E3417 /* DignifiedExalted.png */; };
		011D7C051FEEFFA0001E3417 /* DignifiedDetriment.png in Resources */ = {isa = PBXBuildFile; fileRef = 011D7C001FEEFF9C001E3417 /* DignifiedDetriment.png */; };
		011D7C061FEEFFA0001E3417 /* DignifiedFall.png in Resources */ = {isa = PBXBuildFile; fileRef = 011D7C011FEEFF9E001E3417 /* DignifiedFall.png */; };
		011D7C081FEF058A001E3417 /* Empty.png in Resources */ = {isa = PBXBuildFile; fileRef = 011D7C071FEF0588001E3417 /* Empty.png */; };
		01304E121FEAD70E000F24E9 /* AppDelegate.swift in Sources */ = {isa = PBXBuildFile; fileRef = 01304E111FEAD70E000F24E9 /* AppDelegate.swift */; };
		01304E141FEAD70E000F24E9 /* ViewController.swift in Sources */ = {isa = PBXBuildFile; fileRef = 01304E131FEAD70E000F24E9 /* ViewController.swift */; };
		01304E171FEAD70E000F24E9 /* Main.storyboard in Resources */ = {isa = PBXBuildFile; fileRef = 01304E151FEAD70E000F24E9 /* Main.storyboard */; };
		01304E191FEAD70E000F24E9 /* Assets.xcassets in Resources */ = {isa = PBXBuildFile; fileRef = 01304E181FEAD70E000F24E9 /* Assets.xcassets */; };
		01304E1C1FEAD70E000F24E9 /* LaunchScreen.storyboard in Resources */ = {isa = PBXBuildFile; fileRef = 01304E1A1FEAD70E000F24E9 /* LaunchScreen.storyboard */; };
		01304E241FEAD76B000F24E9 /* Untitled.png in Resources */ = {isa = PBXBuildFile; fileRef = 01304E231FEAD76B000F24E9 /* Untitled.png */; };
		01304E261FEAEC9D000F24E9 /* DataModel.swift in Sources */ = {isa = PBXBuildFile; fileRef = 01304E251FEAEC9D000F24E9 /* DataModel.swift */; };
		01304E281FEAFAA3000F24E9 /* 7916342_orig.jpg in Resources */ = {isa = PBXBuildFile; fileRef = 01304E271FEAFAA3000F24E9 /* 7916342_orig.jpg */; };
		01304E2C1FEB0C38000F24E9 /* ZodiacMandala.png in Resources */ = {isa = PBXBuildFile; fileRef = 01304E2B1FEB0C38000F24E9 /* ZodiacMandala.png */; };
		018112551FEF76300071111D /* cosmos.jpeg in Resources */ = {isa = PBXBuildFile; fileRef = 018112541FEF76300071111D /* cosmos.jpeg */; };
		018112571FF010A40071111D /* Chiron.png in Resources */ = {isa = PBXBuildFile; fileRef = 018112561FF010A40071111D /* Chiron.png */; };
		0181125D1FF0186F0071111D /* Mars.png in Resources */ = {isa = PBXBuildFile; fileRef = 018112581FF0186D0071111D /* Mars.png */; };
		0181125E1FF0186F0071111D /* Dejanira.png in Resources */ = {isa = PBXBuildFile; fileRef = 018112591FF0186E0071111D /* Dejanira.png */; };
		0181125F1FF0186F0071111D /* Neptune.png in Resources */ = {isa = PBXBuildFile; fileRef = 0181125A1FF0186E0071111D /* Neptune.png */; };
		018112601FF0186F0071111D /* Jupiter.png in Resources */ = {isa = PBXBuildFile; fileRef = 0181125B1FF0186E0071111D /* Jupiter.png */; };
		018112611FF0186F0071111D /* Lilith.png in Resources */ = {isa = PBXBuildFile; fileRef = 0181125C1FF0186F0071111D /* Lilith.png */; };
		0181126F1FF01F980071111D /* NN.png in Resources */ = {isa = PBXBuildFile; fileRef = 018112621FF01F940071111D /* NN.png */; };
		018112701FF01F980071111D /* Venus.png in Resources */ = {isa = PBXBuildFile; fileRef = 018112631FF01F940071111D /* Venus.png */; };
		018112721FF01F980071111D /* Saturn.png in Resources */ = {isa = PBXBuildFile; fileRef = 018112651FF01F950071111D /* Saturn.png */; };
		018112731FF01F980071111D /* Pluto.png in Resources */ = {isa = PBXBuildFile; fileRef = 018112661FF01F950071111D /* Pluto.png */; };
		018112741FF01F980071111D /* Psyche.png in Resources */ = {isa = PBXBuildFile; fileRef = 018112671FF01F950071111D /* Psyche.png */; };
		018112751FF01F980071111D /* Sun.png in Resources */ = {isa = PBXBuildFile; fileRef = 018112681FF01F960071111D /* Sun.png */; };
		018112761FF01F980071111D /* Nibiru.png in Resources */ = {isa = PBXBuildFile; fileRef = 018112691FF01F960071111D /* Nibiru.png */; };
		018112781FF01F980071111D /* SN.png in Resources */ = {isa = PBXBuildFile; fileRef = 0181126B1FF01F970071111D /* SN.png */; };
		018112791FF01F980071111D /* Nessus.png in Resources */ = {isa = PBXBuildFile; fileRef = 0181126C1FF01F970071111D /* Nessus.png */; };
		0181127A1FF01F980071111D /* Sedna.png in Resources */ = {isa = PBXBuildFile; fileRef = 0181126D1FF01F970071111D /* Sedna.png */; };
		0181127B1FF01F980071111D /* Uranus.png in Resources */ = {isa = PBXBuildFile; fileRef = 0181126E1FF01F980071111D /* Uranus.png */; };
		0181127E1FF033D00071111D /* Mercury.png in Resources */ = {isa = PBXBuildFile; fileRef = 0181127C1FF033D00071111D /* Mercury.png */; };
		0181127F1FF033D00071111D /* Eros.png in Resources */ = {isa = PBXBuildFile; fileRef = 0181127D1FF033D00071111D /* Eros.png */; };
		018112811FF035C00071111D /* NCustomLabel.swift in Sources */ = {isa = PBXBuildFile; fileRef = 018112801FF035C00071111D /* NCustomLabel.swift */; };
		018112831FF17A830071111D /* gradient.png in Resources */ = {isa = PBXBuildFile; fileRef = 018112821FF17A820071111D /* gradient.png */; };
		0181128A1FF3F8D10071111D /* plusRotate2.png in Resources */ = {isa = PBXBuildFile; fileRef = 018112881FF3F8BA0071111D /* plusRotate2.png */; };
		0181128B1FF3F8D10071111D /* minusRotate2.png in Resources */ = {isa = PBXBuildFile; fileRef = 018112891FF3F8BB0071111D /* minusRotate2.png */; };
/* End PBXBuildFile section */

/* Begin PBXFileReference section */
		011D7BEB1FEB494B001E3417 /* DignifiedGreen.png */ = {isa = PBXFileReference; lastKnownFileType = image.png; name = DignifiedGreen.png; path = ../../../Documents/DignifiedGreen.png; sourceTree = "<group>"; };
		011D7BEC1FEB494B001E3417 /* Moon.png */ = {isa = PBXFileReference; lastKnownFileType = image.png; name = Moon.png; path = ../../../Documents/Moon.png; sourceTree = "<group>"; };
		011D7BF11FEB56BC001E3417 /* ZMNumbers.png */ = {isa = PBXFileReference; lastKnownFileType = image.png; name = ZMNumbers.png; path = ../../../Documents/ZMNumbers.png; sourceTree = "<group>"; };
		011D7BF41FEB59C9001E3417 /* cp1.png */ = {isa = PBXFileReference; lastKnownFileType = image.png; name = cp1.png; path = ../../../Documents/cp1.png; sourceTree = "<group>"; };
		011D7BF71FEC6444001E3417 /* dragonHead10.png */ = {isa = PBXFileReference; lastKnownFileType = image.png; name = dragonHead10.png; path = ../../../Documents/dragonHead10.png; sourceTree = "<group>"; };
		011D7BF81FEC6447001E3417 /* dragonUpperBody10.png */ = {isa = PBXFileReference; lastKnownFileType = image.png; name = dragonUpperBody10.png; path = ../../../Documents/dragonUpperBody10.png; sourceTree = "<group>"; };
		011D7BFB1FEEA0FF001E3417 /* CelestialBodyData.swift */ = {isa = PBXFileReference; lastKnownFileType = sourcecode.swift; path = CelestialBodyData.swift; sourceTree = "<group>"; };
		011D7BFD1FEEFF95001E3417 /* DignifiedDomicile.png */ = {isa = PBXFileReference; lastKnownFileType = image.png; name = DignifiedDomicile.png; path = ../../../Documents/DignifiedDomicile.png; sourceTree = "<group>"; };
		011D7BFE1FEEFF97001E3417 /* DignifiedEmpty.png */ = {isa = PBXFileReference; lastKnownFileType = image.png; name = DignifiedEmpty.png; path = ../../../Documents/DignifiedEmpty.png; sourceTree = "<group>"; };
		011D7BFF1FEEFF99001E3417 /* DignifiedExalted.png */ = {isa = PBXFileReference; lastKnownFileType = image.png; name = DignifiedExalted.png; path = ../../../Documents/DignifiedExalted.png; sourceTree = "<group>"; };
		011D7C001FEEFF9C001E3417 /* DignifiedDetriment.png */ = {isa = PBXFileReference; lastKnownFileType = image.png; name = DignifiedDetriment.png; path = ../../../Documents/DignifiedDetriment.png; sourceTree = "<group>"; };
		011D7C011FEEFF9E001E3417 /* DignifiedFall.png */ = {isa = PBXFileReference; lastKnownFileType = image.png; name = DignifiedFall.png; path = ../../../Documents/DignifiedFall.png; sourceTree = "<group>"; };
		011D7C071FEF0588001E3417 /* Empty.png */ = {isa = PBXFileReference; lastKnownFileType = image.png; name = Empty.png; path = ../../../Documents/Empty.png; sourceTree = "<group>"; };
		01304E0E1FEAD70E000F24E9 /* ImageApp.app */ = {isa = PBXFileReference; explicitFileType = wrapper.application; includeInIndex = 0; path = ImageApp.app; sourceTree = BUILT_PRODUCTS_DIR; };
		01304E111FEAD70E000F24E9 /* AppDelegate.swift */ = {isa = PBXFileReference; lastKnownFileType = sourcecode.swift; path = AppDelegate.swift; sourceTree = "<group>"; };
		01304E131FEAD70E000F24E9 /* ViewController.swift */ = {isa = PBXFileReference; lastKnownFileType = sourcecode.swift; path = ViewController.swift; sourceTree = "<group>"; };
		01304E161FEAD70E000F24E9 /* Base */ = {isa = PBXFileReference; lastKnownFileType = file.storyboard; name = Base; path = Base.lproj/Main.storyboard; sourceTree = "<group>"; };
		01304E181FEAD70E000F24E9 /* Assets.xcassets */ = {isa = PBXFileReference; lastKnownFileType = folder.assetcatalog; path = Assets.xcassets; sourceTree = "<group>"; };
		01304E1B1FEAD70E000F24E9 /* Base */ = {isa = PBXFileReference; lastKnownFileType = file.storyboard; name = Base; path = Base.lproj/LaunchScreen.storyboard; sourceTree = "<group>"; };
		01304E1D1FEAD70E000F24E9 /* Info.plist */ = {isa = PBXFileReference; lastKnownFileType = text.plist.xml; path = Info.plist; sourceTree = "<group>"; };
		01304E231FEAD76B000F24E9 /* Untitled.png */ = {isa = PBXFileReference; lastKnownFileType = image.png; name = Untitled.png; path = ../../../Downloads/Untitled.png; sourceTree = "<group>"; };
		01304E251FEAEC9D000F24E9 /* DataModel.swift */ = {isa = PBXFileReference; lastKnownFileType = sourcecode.swift; path = DataModel.swift; sourceTree = "<group>"; };
		01304E271FEAFAA3000F24E9 /* 7916342_orig.jpg */ = {isa = PBXFileReference; lastKnownFileType = image.jpeg; name = 7916342_orig.jpg; path = ../../../Documents/7916342_orig.jpg; sourceTree = "<group>"; };
		01304E2B1FEB0C38000F24E9 /* ZodiacMandala.png */ = {isa = PBXFileReference; lastKnownFileType = image.png; name = ZodiacMandala.png; path = ../../../Documents/ZodiacMandala.png; sourceTree = "<group>"; };
		018112541FEF76300071111D /* cosmos.jpeg */ = {isa = PBXFileReference; lastKnownFileType = image.jpeg; name = cosmos.jpeg; path = ../../../Documents/cosmos.jpeg; sourceTree = "<group>"; };
		018112561FF010A40071111D /* Chiron.png */ = {isa = PBXFileReference; lastKnownFileType = image.png; name = Chiron.png; path = ../../../Documents/Chiron.png; sourceTree = "<group>"; };
		018112581FF0186D0071111D /* Mars.png */ = {isa = PBXFileReference; lastKnownFileType = image.png; name = Mars.png; path = ../../../Documents/Mars.png; sourceTree = "<group>"; };
		018112591FF0186E0071111D /* Dejanira.png */ = {isa = PBXFileReference; lastKnownFileType = image.png; name = Dejanira.png; path = ../../../Documents/Dejanira.png; sourceTree = "<group>"; };
		0181125A1FF0186E0071111D /* Neptune.png */ = {isa = PBXFileReference; lastKnownFileType = image.png; name = Neptune.png; path = ../../../Documents/Neptune.png; sourceTree = "<group>"; };
		0181125B1FF0186E0071111D /* Jupiter.png */ = {isa = PBXFileReference; lastKnownFileType = image.png; name = Jupiter.png; path = ../../../Documents/Jupiter.png; sourceTree = "<group>"; };
		0181125C1FF0186F0071111D /* Lilith.png */ = {isa = PBXFileReference; lastKnownFileType = image.png; name = Lilith.png; path = ../../../Documents/Lilith.png; sourceTree = "<group>"; };
		018112621FF01F940071111D /* NN.png */ = {isa = PBXFileReference; lastKnownFileType = image.png; name = NN.png; path = ../../../Documents/NN.png; sourceTree = "<group>"; };
		018112631FF01F940071111D /* Venus.png */ = {isa = PBXFileReference; lastKnownFileType = image.png; name = Venus.png; path = ../../../Documents/Venus.png; sourceTree = "<group>"; };
		018112651FF01F950071111D /* Saturn.png */ = {isa = PBXFileReference; lastKnownFileType = image.png; name = Saturn.png; path = ../../../Documents/Saturn.png; sourceTree = "<group>"; };
		018112661FF01F950071111D /* Pluto.png */ = {isa = PBXFileReference; lastKnownFileType = image.png; name = Pluto.png; path = ../../../Documents/Pluto.png; sourceTree = "<group>"; };
		018112671FF01F950071111D /* Psyche.png */ = {isa = PBXFileReference; lastKnownFileType = image.png; name = Psyche.png; path = ../../../Documents/Psyche.png; sourceTree = "<group>"; };
		018112681FF01F960071111D /* Sun.png */ = {isa = PBXFileReference; lastKnownFileType = image.png; name = Sun.png; path = ../../../Documents/Sun.png; sourceTree = "<group>"; };
		018112691FF01F960071111D /* Nibiru.png */ = {isa = PBXFileReference; lastKnownFileType = image.png; name = Nibiru.png; path = ../../../Documents/Nibiru.png; sourceTree = "<group>"; };
		0181126B1FF01F970071111D /* SN.png */ = {isa = PBXFileReference; lastKnownFileType = image.png; name = SN.png; path = ../../../Documents/SN.png; sourceTree = "<group>"; };
		0181126C1FF01F970071111D /* Nessus.png */ = {isa = PBXFileReference; lastKnownFileType = image.png; name = Nessus.png; path = ../../../Documents/Nessus.png; sourceTree = "<group>"; };
		0181126D1FF01F970071111D /* Sedna.png */ = {isa = PBXFileReference; lastKnownFileType = image.png; name = Sedna.png; path = ../../../Documents/Sedna.png; sourceTree = "<group>"; };
		0181126E1FF01F980071111D /* Uranus.png */ = {isa = PBXFileReference; lastKnownFileType = image.png; name = Uranus.png; path = ../../../Documents/Uranus.png; sourceTree = "<group>"; };
		0181127C1FF033D00071111D /* Mercury.png */ = {isa = PBXFileReference; lastKnownFileType = image.png; name = Mercury.png; path = ../../../Documents/Mercury.png; sourceTree = "<group>"; };
		0181127D1FF033D00071111D /* Eros.png */ = {isa = PBXFileReference; lastKnownFileType = image.png; name = Eros.png; path = ../../../Documents/Eros.png; sourceTree = "<group>"; };
		018112801FF035C00071111D /* NCustomLabel.swift */ = {isa = PBXFileReference; lastKnownFileType = sourcecode.swift; path = NCustomLabel.swift; sourceTree = "<group>"; };
		018112821FF17A820071111D /* gradient.png */ = {isa = PBXFileReference; lastKnownFileType = image.png; name = gradient.png; path = ../../../Documents/gradient.png; sourceTree = "<group>"; };
		018112881FF3F8BA0071111D /* plusRotate2.png */ = {isa = PBXFileReference; lastKnownFileType = image.png; name = plusRotate2.png; path = ../../../Documents/plusRotate2.png; sourceTree = "<group>"; };
		018112891FF3F8BB0071111D /* minusRotate2.png */ = {isa = PBXFileReference; lastKnownFileType = image.png; name = minusRotate2.png; path = ../../../Documents/minusRotate2.png; sourceTree = "<group>"; };
/* End PBXFileReference section */

/* Begin PBXFrameworksBuildPhase section */
		01304E0B1FEAD70E000F24E9 /* Frameworks */ = {
			isa = PBXFrameworksBuildPhase;
			buildActionMask = 2147483647;
			files = (
			);
			runOnlyForDeploymentPostprocessing = 0;
		};
/* End PBXFrameworksBuildPhase section */

/* Begin PBXGroup section */
		01304E051FEAD70E000F24E9 = {
			isa = PBXGroup;
			children = (
				018112801FF035C00071111D /* NCustomLabel.swift */,
				01304E101FEAD70E000F24E9 /* ImageApp */,
				01304E0F1FEAD70E000F24E9 /* Products */,
			);
			sourceTree = "<group>";
		};
		01304E0F1FEAD70E000F24E9 /* Products */ = {
			isa = PBXGroup;
			children = (
				01304E0E1FEAD70E000F24E9 /* ImageApp.app */,
			);
			name = Products;
			sourceTree = "<group>";
		};
		01304E101FEAD70E000F24E9 /* ImageApp */ = {
			isa = PBXGroup;
			children = (
				018112891FF3F8BB0071111D /* minusRotate2.png */,
				018112881FF3F8BA0071111D /* plusRotate2.png */,
				018112821FF17A820071111D /* gradient.png */,
				0181127D1FF033D00071111D /* Eros.png */,
				0181127C1FF033D00071111D /* Mercury.png */,
				0181126C1FF01F970071111D /* Nessus.png */,
				018112691FF01F960071111D /* Nibiru.png */,
				018112621FF01F940071111D /* NN.png */,
				018112661FF01F950071111D /* Pluto.png */,
				018112671FF01F950071111D /* Psyche.png */,
				018112651FF01F950071111D /* Saturn.png */,
				0181126D1FF01F970071111D /* Sedna.png */,
				0181126B1FF01F970071111D /* SN.png */,
				018112681FF01F960071111D /* Sun.png */,
				0181126E1FF01F980071111D /* Uranus.png */,
				018112631FF01F940071111D /* Venus.png */,
				018112591FF0186E0071111D /* Dejanira.png */,
				0181125B1FF0186E0071111D /* Jupiter.png */,
				0181125C1FF0186F0071111D /* Lilith.png */,
				018112581FF0186D0071111D /* Mars.png */,
				0181125A1FF0186E0071111D /* Neptune.png */,
				018112561FF010A40071111D /* Chiron.png */,
				018112541FEF76300071111D /* cosmos.jpeg */,
				011D7C071FEF0588001E3417 /* Empty.png */,
				011D7C001FEEFF9C001E3417 /* DignifiedDetriment.png */,
				011D7BFD1FEEFF95001E3417 /* DignifiedDomicile.png */,
				011D7BFE1FEEFF97001E3417 /* DignifiedEmpty.png */,
				011D7BFF1FEEFF99001E3417 /* DignifiedExalted.png */,
				011D7C011FEEFF9E001E3417 /* DignifiedFall.png */,
				011D7BF71FEC6444001E3417 /* dragonHead10.png */,
				011D7BF81FEC6447001E3417 /* dragonUpperBody10.png */,
				011D7BF41FEB59C9001E3417 /* cp1.png */,
				011D7BF11FEB56BC001E3417 /* ZMNumbers.png */,
				011D7BEB1FEB494B001E3417 /* DignifiedGreen.png */,
				011D7BEC1FEB494B001E3417 /* Moon.png */,
				01304E2B1FEB0C38000F24E9 /* ZodiacMandala.png */,
				01304E271FEAFAA3000F24E9 /* 7916342_orig.jpg */,
				01304E231FEAD76B000F24E9 /* Untitled.png */,
				01304E111FEAD70E000F24E9 /* AppDelegate.swift */,
				01304E131FEAD70E000F24E9 /* ViewController.swift */,
				01304E151FEAD70E000F24E9 /* Main.storyboard */,
				01304E251FEAEC9D000F24E9 /* DataModel.swift */,
				011D7BFB1FEEA0FF001E3417 /* CelestialBodyData.swift */,
				01304E181FEAD70E000F24E9 /* Assets.xcassets */,
				01304E1A1FEAD70E000F24E9 /* LaunchScreen.storyboard */,
				01304E1D1FEAD70E000F24E9 /* Info.plist */,
			);
			path = ImageApp;
			sourceTree = "<group>";
		};
/* End PBXGroup section */

/* Begin PBXNativeTarget section */
		01304E0D1FEAD70E000F24E9 /* ImageApp */ = {
			isa = PBXNativeTarget;
			buildConfigurationList = 01304E201FEAD70E000F24E9 /* Build configuration list for PBXNativeTarget "ImageApp" */;
			buildPhases = (
				01304E0A1FEAD70E000F24E9 /* Sources */,
				01304E0B1FEAD70E000F24E9 /* Frameworks */,
				01304E0C1FEAD70E000F24E9 /* Resources */,
			);
			buildRules = (
			);
			dependencies = (
			);
			name = ImageApp;
			productName = ImageApp;
			productReference = 01304E0E1FEAD70E000F24E9 /* ImageApp.app */;
			productType = "com.apple.product-type.application";
		};
/* End PBXNativeTarget section */

/* Begin PBXProject section */
		01304E061FEAD70E000F24E9 /* Project object */ = {
			isa = PBXProject;
			attributes = {
				LastSwiftUpdateCheck = 0920;
				LastUpgradeCheck = 0920;
				ORGANIZATIONNAME = Nick;
				TargetAttributes = {
					01304E0D1FEAD70E000F24E9 = {
						CreatedOnToolsVersion = 9.2;
						ProvisioningStyle = Automatic;
					};
				};
			};
			buildConfigurationList = 01304E091FEAD70E000F24E9 /* Build configuration list for PBXProject "ImageApp" */;
			compatibilityVersion = "Xcode 8.0";
			developmentRegion = en;
			hasScannedForEncodings = 0;
			knownRegions = (
				en,
				Base,
			);
			mainGroup = 01304E051FEAD70E000F24E9;
			productRefGroup = 01304E0F1FEAD70E000F24E9 /* Products */;
			projectDirPath = "";
			projectRoot = "";
			targets = (
				01304E0D1FEAD70E000F24E9 /* ImageApp */,
			);
		};
/* End PBXProject section */

/* Begin PBXResourcesBuildPhase section */
		01304E0C1FEAD70E000F24E9 /* Resources */ = {
			isa = PBXResourcesBuildPhase;
			buildActionMask = 2147483647;
			files = (
				018112551FEF76300071111D /* cosmos.jpeg in Resources */,
				01304E2C1FEB0C38000F24E9 /* ZodiacMandala.png in Resources */,
				0181128B1FF3F8D10071111D /* minusRotate2.png in Resources */,
				018112701FF01F980071111D /* Venus.png in Resources */,
				011D7BF91FEC644A001E3417 /* dragonHead10.png in Resources */,
				0181125E1FF0186F0071111D /* Dejanira.png in Resources */,
				018112611FF0186F0071111D /* Lilith.png in Resources */,
				018112761FF01F980071111D /* Nibiru.png in Resources */,
				01304E241FEAD76B000F24E9 /* Untitled.png in Resources */,
				011D7C081FEF058A001E3417 /* Empty.png in Resources */,
				018112781FF01F980071111D /* SN.png in Resources */,
				018112831FF17A830071111D /* gradient.png in Resources */,
				0181127F1FF033D00071111D /* Eros.png in Resources */,
				01304E281FEAFAA3000F24E9 /* 7916342_orig.jpg in Resources */,
				011D7BF21FEB56BD001E3417 /* ZMNumbers.png in Resources */,
				0181127B1FF01F980071111D /* Uranus.png in Resources */,
				01304E1C1FEAD70E000F24E9 /* LaunchScreen.storyboard in Resources */,
				018112741FF01F980071111D /* Psyche.png in Resources */,
				0181127A1FF01F980071111D /* Sedna.png in Resources */,
				018112721FF01F980071111D /* Saturn.png in Resources */,
				018112571FF010A40071111D /* Chiron.png in Resources */,
				0181125D1FF0186F0071111D /* Mars.png in Resources */,
				018112791FF01F980071111D /* Nessus.png in Resources */,
				011D7C021FEEFFA0001E3417 /* DignifiedDomicile.png in Resources */,
				0181128A1FF3F8D10071111D /* plusRotate2.png in Resources */,
				018112751FF01F980071111D /* Sun.png in Resources */,
				0181126F1FF01F980071111D /* NN.png in Resources */,
				0181127E1FF033D00071111D /* Mercury.png in Resources */,
				011D7BEE1FEB494C001E3417 /* Moon.png in Resources */,
				011D7C051FEEFFA0001E3417 /* DignifiedDetriment.png in Resources */,
				01304E191FEAD70E000F24E9 /* Assets.xcassets in Resources */,
				01304E171FEAD70E000F24E9 /* Main.storyboard in Resources */,
				011D7BF61FEB59C9001E3417 /* cp1.png in Resources */,
				018112601FF0186F0071111D /* Jupiter.png in Resources */,
				011D7C031FEEFFA0001E3417 /* DignifiedEmpty.png in Resources */,
				011D7C061FEEFFA0001E3417 /* DignifiedFall.png in Resources */,
				018112731FF01F980071111D /* Pluto.png in Resources */,
				0181125F1FF0186F0071111D /* Neptune.png in Resources */,
				011D7BFA1FEC644A001E3417 /* dragonUpperBody10.png in Resources */,
				011D7BED1FEB494C001E3417 /* DignifiedGreen.png in Resources */,
				011D7C041FEEFFA0001E3417 /* DignifiedExalted.png in Resources */,
			);
			runOnlyForDeploymentPostprocessing = 0;
		};
/* End PBXResourcesBuildPhase section */

/* Begin PBXSourcesBuildPhase section */
		01304E0A1FEAD70E000F24E9 /* Sources */ = {
			isa = PBXSourcesBuildPhase;
			buildActionMask = 2147483647;
			files = (
				011D7BFC1FEEA101001E3417 /* CelestialBodyData.swift in Sources */,
				01304E141FEAD70E000F24E9 /* ViewController.swift in Sources */,
				018112811FF035C00071111D /* NCustomLabel.swift in Sources */,
				01304E121FEAD70E000F24E9 /* AppDelegate.swift in Sources */,
				01304E261FEAEC9D000F24E9 /* DataModel.swift in Sources */,
			);
			runOnlyForDeploymentPostprocessing = 0;
		};
/* End PBXSourcesBuildPhase section */

/* Begin PBXVariantGroup section */
		01304E151FEAD70E000F24E9 /* Main.storyboard */ = {
			isa = PBXVariantGroup;
			children = (
				01304E161FEAD70E000F24E9 /* Base */,
			);
			name = Main.storyboard;
			sourceTree = "<group>";
		};
		01304E1A1FEAD70E000F24E9 /* LaunchScreen.storyboard */ = {
			isa = PBXVariantGroup;
			children = (
				01304E1B1FEAD70E000F24E9 /* Base */,
			);
			name = LaunchScreen.storyboard;
			sourceTree = "<group>";
		};
/* End PBXVariantGroup section */

/* Begin XCBuildConfiguration section */
		01304E1E1FEAD70E000F24E9 /* Debug */ = {
			isa = XCBuildConfiguration;
			buildSettings = {
				ALWAYS_SEARCH_USER_PATHS = NO;
				CLANG_ANALYZER_NONNULL = YES;
				CLANG_ANALYZER_NUMBER_OBJECT_CONVERSION = YES_AGGRESSIVE;
				CLANG_CXX_LANGUAGE_STANDARD = "gnu++14";
				CLANG_CXX_LIBRARY = "libc++";
				CLANG_ENABLE_MODULES = YES;
				CLANG_ENABLE_OBJC_ARC = YES;
				CLANG_WARN_BLOCK_CAPTURE_AUTORELEASING = YES;
				CLANG_WARN_BOOL_CONVERSION = YES;
				CLANG_WARN_COMMA = YES;
				CLANG_WARN_CONSTANT_CONVERSION = YES;
				CLANG_WARN_DIRECT_OBJC_ISA_USAGE = YES_ERROR;
				CLANG_WARN_DOCUMENTATION_COMMENTS = YES;
				CLANG_WARN_EMPTY_BODY = YES;
				CLANG_WARN_ENUM_CONVERSION = YES;
				CLANG_WARN_INFINITE_RECURSION = YES;
				CLANG_WARN_INT_CONVERSION = YES;
				CLANG_WARN_NON_LITERAL_NULL_CONVERSION = YES;
				CLANG_WARN_OBJC_LITERAL_CONVERSION = YES;
				CLANG_WARN_OBJC_ROOT_CLASS = YES_ERROR;
				CLANG_WARN_RANGE_LOOP_ANALYSIS = YES;
				CLANG_WARN_STRICT_PROTOTYPES = YES;
				CLANG_WARN_SUSPICIOUS_MOVE = YES;
				CLANG_WARN_UNGUARDED_AVAILABILITY = YES_AGGRESSIVE;
				CLANG_WARN_UNREACHABLE_CODE = YES;
				CLANG_WARN__DUPLICATE_METHOD_MATCH = YES;
				CODE_SIGN_IDENTITY = "iPhone Developer";
				COPY_PHASE_STRIP = NO;
				DEBUG_INFORMATION_FORMAT = dwarf;
				ENABLE_STRICT_OBJC_MSGSEND = YES;
				ENABLE_TESTABILITY = YES;
				GCC_C_LANGUAGE_STANDARD = gnu11;
				GCC_DYNAMIC_NO_PIC = NO;
				GCC_NO_COMMON_BLOCKS = YES;
				GCC_OPTIMIZATION_LEVEL = 0;
				GCC_PREPROCESSOR_DEFINITIONS = (
					"DEBUG=1",
					"$(inherited)",
				);
				GCC_WARN_64_TO_32_BIT_CONVERSION = YES;
				GCC_WARN_ABOUT_RETURN_TYPE = YES_ERROR;
				GCC_WARN_UNDECLARED_SELECTOR = YES;
				GCC_WARN_UNINITIALIZED_AUTOS = YES_AGGRESSIVE;
				GCC_WARN_UNUSED_FUNCTION = YES;
				GCC_WARN_UNUSED_VARIABLE = YES;
				IPHONEOS_DEPLOYMENT_TARGET = 11.2;
				MTL_ENABLE_DEBUG_INFO = YES;
				ONLY_ACTIVE_ARCH = YES;
				SDKROOT = iphoneos;
				SWIFT_ACTIVE_COMPILATION_CONDITIONS = DEBUG;
				SWIFT_OPTIMIZATION_LEVEL = "-Onone";
			};
			name = Debug;
		};
		01304E1F1FEAD70E000F24E9 /* Release */ = {
			isa = XCBuildConfiguration;
			buildSettings = {
				ALWAYS_SEARCH_USER_PATHS = NO;
				CLANG_ANALYZER_NONNULL = YES;
				CLANG_ANALYZER_NUMBER_OBJECT_CONVERSION = YES_AGGRESSIVE;
				CLANG_CXX_LANGUAGE_STANDARD = "gnu++14";
				CLANG_CXX_LIBRARY = "libc++";
				CLANG_ENABLE_MODULES = YES;
				CLANG_ENABLE_OBJC_ARC = YES;
				CLANG_WARN_BLOCK_CAPTURE_AUTORELEASING = YES;
				CLANG_WARN_BOOL_CONVERSION = YES;
				CLANG_WARN_COMMA = YES;
				CLANG_WARN_CONSTANT_CONVERSION = YES;
				CLANG_WARN_DIRECT_OBJC_ISA_USAGE = YES_ERROR;
				CLANG_WARN_DOCUMENTATION_COMMENTS = YES;
				CLANG_WARN_EMPTY_BODY = YES;
				CLANG_WARN_ENUM_CONVERSION = YES;
				CLANG_WARN_INFINITE_RECURSION = YES;
				CLANG_WARN_INT_CONVERSION = YES;
				CLANG_WARN_NON_LITERAL_NULL_CONVERSION = YES;
				CLANG_WARN_OBJC_LITERAL_CONVERSION = YES;
				CLANG_WARN_OBJC_ROOT_CLASS = YES_ERROR;
				CLANG_WARN_RANGE_LOOP_ANALYSIS = YES;
				CLANG_WARN_STRICT_PROTOTYPES = YES;
				CLANG_WARN_SUSPICIOUS_MOVE = YES;
				CLANG_WARN_UNGUARDED_AVAILABILITY = YES_AGGRESSIVE;
				CLANG_WARN_UNREACHABLE_CODE = YES;
				CLANG_WARN__DUPLICATE_METHOD_MATCH = YES;
				CODE_SIGN_IDENTITY = "iPhone Developer";
				COPY_PHASE_STRIP = NO;
				DEBUG_INFORMATION_FORMAT = "dwarf-with-dsym";
				ENABLE_NS_ASSERTIONS = NO;
				ENABLE_STRICT_OBJC_MSGSEND = YES;
				GCC_C_LANGUAGE_STANDARD = gnu11;
				GCC_NO_COMMON_BLOCKS = YES;
				GCC_WARN_64_TO_32_BIT_CONVERSION = YES;
				GCC_WARN_ABOUT_RETURN_TYPE = YES_ERROR;
				GCC_WARN_UNDECLARED_SELECTOR = YES;
				GCC_WARN_UNINITIALIZED_AUTOS = YES_AGGRESSIVE;
				GCC_WARN_UNUSED_FUNCTION = YES;
				GCC_WARN_UNUSED_VARIABLE = YES;
				IPHONEOS_DEPLOYMENT_TARGET = 11.2;
				MTL_ENABLE_DEBUG_INFO = NO;
				SDKROOT = iphoneos;
				SWIFT_OPTIMIZATION_LEVEL = "-Owholemodule";
				VALIDATE_PRODUCT = YES;
			};
			name = Release;
		};
		01304E211FEAD70E000F24E9 /* Debug */ = {
			isa = XCBuildConfiguration;
			buildSettings = {
				ASSETCATALOG_COMPILER_APPICON_NAME = AppIcon;
				CODE_SIGN_STYLE = Automatic;
				DEVELOPMENT_TEAM = 2F9Y4G5D76;
				INFOPLIST_FILE = ImageApp/Info.plist;
				LD_RUNPATH_SEARCH_PATHS = "$(inherited) @executable_path/Frameworks";
				PRODUCT_BUNDLE_IDENTIFIER = NicVaic.ImageApp;
				PRODUCT_NAME = "$(TARGET_NAME)";
				SWIFT_VERSION = 4.0;
				TARGETED_DEVICE_FAMILY = "1,2";
			};
			name = Debug;
		};
		01304E221FEAD70E000F24E9 /* Release */ = {
			isa = XCBuildConfiguration;
			buildSettings = {
				ASSETCATALOG_COMPILER_APPICON_NAME = AppIcon;
				CODE_SIGN_STYLE = Automatic;
				DEVELOPMENT_TEAM = 2F9Y4G5D76;
				INFOPLIST_FILE = ImageApp/Info.plist;
				LD_RUNPATH_SEARCH_PATHS = "$(inherited) @executable_path/Frameworks";
				PRODUCT_BUNDLE_IDENTIFIER = NicVaic.ImageApp;
				PRODUCT_NAME = "$(TARGET_NAME)";
				SWIFT_VERSION = 4.0;
				TARGETED_DEVICE_FAMILY = "1,2";
			};
			name = Release;
		};
/* End XCBuildConfiguration section */

/* Begin XCConfigurationList section */
		01304E091FEAD70E000F24E9 /* Build configuration list for PBXProject "ImageApp" */ = {
			isa = XCConfigurationList;
			buildConfigurations = (
				01304E1E1FEAD70E000F24E9 /* Debug */,
				01304E1F1FEAD70E000F24E9 /* Release */,
			);
			defaultConfigurationIsVisible = 0;
			defaultConfigurationName = Release;
		};
		01304E201FEAD70E000F24E9 /* Build configuration list for PBXNativeTarget "ImageApp" */ = {
			isa = XCConfigurationList;
			buildConfigurations = (
				01304E211FEAD70E000F24E9 /* Debug */,
				01304E221FEAD70E000F24E9 /* Release */,
			);
			defaultConfigurationIsVisible = 0;
			defaultConfigurationName = Release;
		};
/* End XCConfigurationList section */
	};
	rootObject = 01304E061FEAD70E000F24E9 /* Project object */;
}
